// !$*UTF8*$!
{
	archiveVersion = 1;
	classes = {
	};
	objectVersion = 46;
	objects = {

/* Begin PBXBuildFile section */
		345E63711C2E1CE400F55F22 /* main.m in Sources */ = {isa = PBXBuildFile; fileRef = 345E63701C2E1CE400F55F22 /* main.m */; };
		345E637C1C2E1CE400F55F22 /* Assets.xcassets in Resources */ = {isa = PBXBuildFile; fileRef = 345E637B1C2E1CE400F55F22 /* Assets.xcassets */; };
		345E640C1C2E1CFF00F55F22 /* UIView+Extension.m in Sources */ = {isa = PBXBuildFile; fileRef = 345E638B1C2E1CFF00F55F22 /* UIView+Extension.m */; };
		345E64121C2E1CFF00F55F22 /* AFHTTPSessionManager.m in Sources */ = {isa = PBXBuildFile; fileRef = 345E639D1C2E1CFF00F55F22 /* AFHTTPSessionManager.m */; };
		345E64131C2E1CFF00F55F22 /* AFNetworkReachabilityManager.m in Sources */ = {isa = PBXBuildFile; fileRef = 345E63A01C2E1CFF00F55F22 /* AFNetworkReachabilityManager.m */; };
		345E64141C2E1CFF00F55F22 /* AFSecurityPolicy.m in Sources */ = {isa = PBXBuildFile; fileRef = 345E63A21C2E1CFF00F55F22 /* AFSecurityPolicy.m */; };
		345E64151C2E1CFF00F55F22 /* AFURLRequestSerialization.m in Sources */ = {isa = PBXBuildFile; fileRef = 345E63A41C2E1CFF00F55F22 /* AFURLRequestSerialization.m */; };
		345E64161C2E1CFF00F55F22 /* AFURLResponseSerialization.m in Sources */ = {isa = PBXBuildFile; fileRef = 345E63A61C2E1CFF00F55F22 /* AFURLResponseSerialization.m */; };
		345E64171C2E1CFF00F55F22 /* AFURLSessionManager.m in Sources */ = {isa = PBXBuildFile; fileRef = 345E63A81C2E1CFF00F55F22 /* AFURLSessionManager.m */; };
		345E64181C2E1CFF00F55F22 /* Foundation+Log.m in Sources */ = {isa = PBXBuildFile; fileRef = 345E63A91C2E1CFF00F55F22 /* Foundation+Log.m */; };
		345E64191C2E1CFF00F55F22 /* MJRefreshAutoFooter.m in Sources */ = {isa = PBXBuildFile; fileRef = 345E63AD1C2E1CFF00F55F22 /* MJRefreshAutoFooter.m */; };
		345E641A1C2E1CFF00F55F22 /* MJRefreshBackFooter.m in Sources */ = {isa = PBXBuildFile; fileRef = 345E63AF1C2E1CFF00F55F22 /* MJRefreshBackFooter.m */; };
		345E641B1C2E1CFF00F55F22 /* MJRefreshComponent.m in Sources */ = {isa = PBXBuildFile; fileRef = 345E63B11C2E1CFF00F55F22 /* MJRefreshComponent.m */; };
		345E641C1C2E1CFF00F55F22 /* MJRefreshFooter.m in Sources */ = {isa = PBXBuildFile; fileRef = 345E63B31C2E1CFF00F55F22 /* MJRefreshFooter.m */; };
		345E641D1C2E1CFF00F55F22 /* MJRefreshHeader.m in Sources */ = {isa = PBXBuildFile; fileRef = 345E63B51C2E1CFF00F55F22 /* MJRefreshHeader.m */; };
		345E641E1C2E1CFF00F55F22 /* MJRefreshAutoGifFooter.m in Sources */ = {isa = PBXBuildFile; fileRef = 345E63BA1C2E1CFF00F55F22 /* MJRefreshAutoGifFooter.m */; };
		345E641F1C2E1CFF00F55F22 /* MJRefreshAutoNormalFooter.m in Sources */ = {isa = PBXBuildFile; fileRef = 345E63BC1C2E1CFF00F55F22 /* MJRefreshAutoNormalFooter.m */; };
		345E64201C2E1CFF00F55F22 /* MJRefreshAutoStateFooter.m in Sources */ = {isa = PBXBuildFile; fileRef = 345E63BE1C2E1CFF00F55F22 /* MJRefreshAutoStateFooter.m */; };
		345E64211C2E1CFF00F55F22 /* MJRefreshBackGifFooter.m in Sources */ = {isa = PBXBuildFile; fileRef = 345E63C11C2E1CFF00F55F22 /* MJRefreshBackGifFooter.m */; };
		345E64221C2E1CFF00F55F22 /* MJRefreshBackNormalFooter.m in Sources */ = {isa = PBXBuildFile; fileRef = 345E63C31C2E1CFF00F55F22 /* MJRefreshBackNormalFooter.m */; };
		345E64231C2E1CFF00F55F22 /* MJRefreshBackStateFooter.m in Sources */ = {isa = PBXBuildFile; fileRef = 345E63C51C2E1CFF00F55F22 /* MJRefreshBackStateFooter.m */; };
		345E64241C2E1CFF00F55F22 /* MJRefreshGifHeader.m in Sources */ = {isa = PBXBuildFile; fileRef = 345E63C81C2E1CFF00F55F22 /* MJRefreshGifHeader.m */; };
		345E64251C2E1CFF00F55F22 /* MJRefreshNormalHeader.m in Sources */ = {isa = PBXBuildFile; fileRef = 345E63CA1C2E1CFF00F55F22 /* MJRefreshNormalHeader.m */; };
		345E64261C2E1CFF00F55F22 /* MJRefreshStateHeader.m in Sources */ = {isa = PBXBuildFile; fileRef = 345E63CC1C2E1CFF00F55F22 /* MJRefreshStateHeader.m */; };
		345E64271C2E1CFF00F55F22 /* MJRefresh.bundle in Resources */ = {isa = PBXBuildFile; fileRef = 345E63CD1C2E1CFF00F55F22 /* MJRefresh.bundle */; };
		345E64281C2E1CFF00F55F22 /* MJRefreshConst.m in Sources */ = {isa = PBXBuildFile; fileRef = 345E63D01C2E1CFF00F55F22 /* MJRefreshConst.m */; };
		345E64291C2E1CFF00F55F22 /* UIScrollView+MJExtension.m in Sources */ = {isa = PBXBuildFile; fileRef = 345E63D21C2E1CFF00F55F22 /* UIScrollView+MJExtension.m */; };
		345E642A1C2E1CFF00F55F22 /* UIScrollView+MJRefresh.m in Sources */ = {isa = PBXBuildFile; fileRef = 345E63D41C2E1CFF00F55F22 /* UIScrollView+MJRefresh.m */; };
		345E642B1C2E1CFF00F55F22 /* UIView+MJExtension.m in Sources */ = {isa = PBXBuildFile; fileRef = 345E63D61C2E1CFF00F55F22 /* UIView+MJExtension.m */; };
		345E642C1C2E1CFF00F55F22 /* SVIndefiniteAnimatedView.m in Sources */ = {isa = PBXBuildFile; fileRef = 345E63D91C2E1CFF00F55F22 /* SVIndefiniteAnimatedView.m */; };
		345E642D1C2E1CFF00F55F22 /* SVProgressHUD.bundle in Resources */ = {isa = PBXBuildFile; fileRef = 345E63DB1C2E1CFF00F55F22 /* SVProgressHUD.bundle */; };
		345E642E1C2E1CFF00F55F22 /* SVProgressHUD.m in Sources */ = {isa = PBXBuildFile; fileRef = 345E63DD1C2E1CFF00F55F22 /* SVProgressHUD.m */; };
		345E642F1C2E1CFF00F55F22 /* SVRadialGradientLayer.m in Sources */ = {isa = PBXBuildFile; fileRef = 345E63DF1C2E1CFF00F55F22 /* SVRadialGradientLayer.m */; };
		345E64301C2E1CFF00F55F22 /* UITableView+FDIndexPathHeightCache.m in Sources */ = {isa = PBXBuildFile; fileRef = 345E63E21C2E1CFF00F55F22 /* UITableView+FDIndexPathHeightCache.m */; };
		345E64311C2E1CFF00F55F22 /* UITableView+FDKeyedHeightCache.m in Sources */ = {isa = PBXBuildFile; fileRef = 345E63E41C2E1CFF00F55F22 /* UITableView+FDKeyedHeightCache.m */; };
		345E64321C2E1CFF00F55F22 /* UITableView+FDTemplateLayoutCell.m in Sources */ = {isa = PBXBuildFile; fileRef = 345E63E61C2E1CFF00F55F22 /* UITableView+FDTemplateLayoutCell.m */; };
		345E64331C2E1CFF00F55F22 /* UITableView+FDTemplateLayoutCellDebug.m in Sources */ = {isa = PBXBuildFile; fileRef = 345E63E81C2E1CFF00F55F22 /* UITableView+FDTemplateLayoutCellDebug.m */; };
		345E64341C2E1CFF00F55F22 /* AppDelegate.m in Sources */ = {isa = PBXBuildFile; fileRef = 345E63EB1C2E1CFF00F55F22 /* AppDelegate.m */; };
		345E64351C2E1CFF00F55F22 /* BQHttpTool.m in Sources */ = {isa = PBXBuildFile; fileRef = 345E63EE1C2E1CFF00F55F22 /* BQHttpTool.m */; };
		345E64361C2E1CFF00F55F22 /* BQViewController.m in Sources */ = {isa = PBXBuildFile; fileRef = 345E63F31C2E1CFF00F55F22 /* BQViewController.m */; };
		345E64371C2E1CFF00F55F22 /* BQModel.m in Sources */ = {isa = PBXBuildFile; fileRef = 345E63F61C2E1CFF00F55F22 /* BQModel.m */; };
		345E64381C2E1CFF00F55F22 /* BQCell.m in Sources */ = {isa = PBXBuildFile; fileRef = 345E63F91C2E1CFF00F55F22 /* BQCell.m */; };
		345E64391C2E1CFF00F55F22 /* BQCell.xib in Resources */ = {isa = PBXBuildFile; fileRef = 345E63FA1C2E1CFF00F55F22 /* BQCell.xib */; };
		345E643A1C2E1CFF00F55F22 /* BQViewModel.m in Sources */ = {isa = PBXBuildFile; fileRef = 345E63FD1C2E1CFF00F55F22 /* BQViewModel.m */; };
		345E643B1C2E1CFF00F55F22 /* BQViewController2.m in Sources */ = {isa = PBXBuildFile; fileRef = 345E64011C2E1CFF00F55F22 /* BQViewController2.m */; };
		345E643C1C2E1CFF00F55F22 /* BQTestModel.m in Sources */ = {isa = PBXBuildFile; fileRef = 345E64041C2E1CFF00F55F22 /* BQTestModel.m */; };
		345E643D1C2E1CFF00F55F22 /* BQCollectionCell.m in Sources */ = {isa = PBXBuildFile; fileRef = 345E64071C2E1CFF00F55F22 /* BQCollectionCell.m */; };
		345E643E1C2E1CFF00F55F22 /* BQCollectionCell.xib in Resources */ = {isa = PBXBuildFile; fileRef = 345E64081C2E1CFF00F55F22 /* BQCollectionCell.xib */; };
		345E643F1C2E1CFF00F55F22 /* BQViewModel2.m in Sources */ = {isa = PBXBuildFile; fileRef = 345E640B1C2E1CFF00F55F22 /* BQViewModel2.m */; };
		345E64411C2E1D2C00F55F22 /* Main.storyboard in Resources */ = {isa = PBXBuildFile; fileRef = 345E64401C2E1D2C00F55F22 /* Main.storyboard */; };
		345E64571C2E1E4F00F55F22 /* LaunchScreen.xib in Resources */ = {isa = PBXBuildFile; fileRef = 345E64561C2E1E4F00F55F22 /* LaunchScreen.xib */; };
		349463481C2FDCAC0073C182 /* BQBaseViewModel.m in Sources */ = {isa = PBXBuildFile; fileRef = 3494633D1C2FDCAC0073C182 /* BQBaseViewModel.m */; };
		349463491C2FDCAC0073C182 /* UICollectionViewCell+Extension.m in Sources */ = {isa = PBXBuildFile; fileRef = 349463401C2FDCAC0073C182 /* UICollectionViewCell+Extension.m */; };
		3494634A1C2FDCAC0073C182 /* XTCollectionDataDelegate.m in Sources */ = {isa = PBXBuildFile; fileRef = 349463421C2FDCAC0073C182 /* XTCollectionDataDelegate.m */; };
		3494634B1C2FDCAC0073C182 /* UITableViewCell+Extension.m in Sources */ = {isa = PBXBuildFile; fileRef = 349463451C2FDCAC0073C182 /* UITableViewCell+Extension.m */; };
		3494634C1C2FDCAC0073C182 /* XTTableDataDelegate.m in Sources */ = {isa = PBXBuildFile; fileRef = 349463471C2FDCAC0073C182 /* XTTableDataDelegate.m */; };
/* End PBXBuildFile section */

/* Begin PBXFileReference section */
		345E636C1C2E1CE400F55F22 /* MVVMFramework.app */ = {isa = PBXFileReference; explicitFileType = wrapper.application; includeInIndex = 0; path = MVVMFramework.app; sourceTree = BUILT_PRODUCTS_DIR; };
		345E63701C2E1CE400F55F22 /* main.m */ = {isa = PBXFileReference; lastKnownFileType = sourcecode.c.objc; path = main.m; sourceTree = "<group>"; };
		345E637B1C2E1CE400F55F22 /* Assets.xcassets */ = {isa = PBXFileReference; lastKnownFileType = folder.assetcatalog; path = Assets.xcassets; sourceTree = "<group>"; };
		345E63801C2E1CE400F55F22 /* Info.plist */ = {isa = PBXFileReference; lastKnownFileType = text.plist.xml; path = Info.plist; sourceTree = "<group>"; };
		345E638A1C2E1CFF00F55F22 /* UIView+Extension.h */ = {isa = PBXFileReference; fileEncoding = 4; lastKnownFileType = sourcecode.c.h; path = "UIView+Extension.h"; sourceTree = "<group>"; };
		345E638B1C2E1CFF00F55F22 /* UIView+Extension.m */ = {isa = PBXFileReference; fileEncoding = 4; lastKnownFileType = sourcecode.c.objc; path = "UIView+Extension.m"; sourceTree = "<group>"; };
		345E639C1C2E1CFF00F55F22 /* AFHTTPSessionManager.h */ = {isa = PBXFileReference; fileEncoding = 4; lastKnownFileType = sourcecode.c.h; path = AFHTTPSessionManager.h; sourceTree = "<group>"; };
		345E639D1C2E1CFF00F55F22 /* AFHTTPSessionManager.m */ = {isa = PBXFileReference; fileEncoding = 4; lastKnownFileType = sourcecode.c.objc; path = AFHTTPSessionManager.m; sourceTree = "<group>"; };
		345E639E1C2E1CFF00F55F22 /* AFNetworking.h */ = {isa = PBXFileReference; fileEncoding = 4; lastKnownFileType = sourcecode.c.h; path = AFNetworking.h; sourceTree = "<group>"; };
		345E639F1C2E1CFF00F55F22 /* AFNetworkReachabilityManager.h */ = {isa = PBXFileReference; fileEncoding = 4; lastKnownFileType = sourcecode.c.h; path = AFNetworkReachabilityManager.h; sourceTree = "<group>"; };
		345E63A01C2E1CFF00F55F22 /* AFNetworkReachabilityManager.m */ = {isa = PBXFileReference; fileEncoding = 4; lastKnownFileType = sourcecode.c.objc; path = AFNetworkReachabilityManager.m; sourceTree = "<group>"; };
		345E63A11C2E1CFF00F55F22 /* AFSecurityPolicy.h */ = {isa = PBXFileReference; fileEncoding = 4; lastKnownFileType = sourcecode.c.h; path = AFSecurityPolicy.h; sourceTree = "<group>"; };
		345E63A21C2E1CFF00F55F22 /* AFSecurityPolicy.m */ = {isa = PBXFileReference; fileEncoding = 4; lastKnownFileType = sourcecode.c.objc; path = AFSecurityPolicy.m; sourceTree = "<group>"; };
		345E63A31C2E1CFF00F55F22 /* AFURLRequestSerialization.h */ = {isa = PBXFileReference; fileEncoding = 4; lastKnownFileType = sourcecode.c.h; path = AFURLRequestSerialization.h; sourceTree = "<group>"; };
		345E63A41C2E1CFF00F55F22 /* AFURLRequestSerialization.m */ = {isa = PBXFileReference; fileEncoding = 4; lastKnownFileType = sourcecode.c.objc; path = AFURLRequestSerialization.m; sourceTree = "<group>"; };
		345E63A51C2E1CFF00F55F22 /* AFURLResponseSerialization.h */ = {isa = PBXFileReference; fileEncoding = 4; lastKnownFileType = sourcecode.c.h; path = AFURLResponseSerialization.h; sourceTree = "<group>"; };
		345E63A61C2E1CFF00F55F22 /* AFURLResponseSerialization.m */ = {isa = PBXFileReference; fileEncoding = 4; lastKnownFileType = sourcecode.c.objc; path = AFURLResponseSerialization.m; sourceTree = "<group>"; };
		345E63A71C2E1CFF00F55F22 /* AFURLSessionManager.h */ = {isa = PBXFileReference; fileEncoding = 4; lastKnownFileType = sourcecode.c.h; path = AFURLSessionManager.h; sourceTree = "<group>"; };
		345E63A81C2E1CFF00F55F22 /* AFURLSessionManager.m */ = {isa = PBXFileReference; fileEncoding = 4; lastKnownFileType = sourcecode.c.objc; path = AFURLSessionManager.m; sourceTree = "<group>"; };
		345E63A91C2E1CFF00F55F22 /* Foundation+Log.m */ = {isa = PBXFileReference; fileEncoding = 4; lastKnownFileType = sourcecode.c.objc; path = "Foundation+Log.m"; sourceTree = "<group>"; };
		345E63AC1C2E1CFF00F55F22 /* MJRefreshAutoFooter.h */ = {isa = PBXFileReference; fileEncoding = 4; lastKnownFileType = sourcecode.c.h; path = MJRefreshAutoFooter.h; sourceTree = "<group>"; };
		345E63AD1C2E1CFF00F55F22 /* MJRefreshAutoFooter.m */ = {isa = PBXFileReference; fileEncoding = 4; lastKnownFileType = sourcecode.c.objc; path = MJRefreshAutoFooter.m; sourceTree = "<group>"; };
		345E63AE1C2E1CFF00F55F22 /* MJRefreshBackFooter.h */ = {isa = PBXFileReference; fileEncoding = 4; lastKnownFileType = sourcecode.c.h; path = MJRefreshBackFooter.h; sourceTree = "<group>"; };
		345E63AF1C2E1CFF00F55F22 /* MJRefreshBackFooter.m */ = {isa = PBXFileReference; fileEncoding = 4; lastKnownFileType = sourcecode.c.objc; path = MJRefreshBackFooter.m; sourceTree = "<group>"; };
		345E63B01C2E1CFF00F55F22 /* MJRefreshComponent.h */ = {isa = PBXFileReference; fileEncoding = 4; lastKnownFileType = sourcecode.c.h; path = MJRefreshComponent.h; sourceTree = "<group>"; };
		345E63B11C2E1CFF00F55F22 /* MJRefreshComponent.m */ = {isa = PBXFileReference; fileEncoding = 4; lastKnownFileType = sourcecode.c.objc; path = MJRefreshComponent.m; sourceTree = "<group>"; };
		345E63B21C2E1CFF00F55F22 /* MJRefreshFooter.h */ = {isa = PBXFileReference; fileEncoding = 4; lastKnownFileType = sourcecode.c.h; path = MJRefreshFooter.h; sourceTree = "<group>"; };
		345E63B31C2E1CFF00F55F22 /* MJRefreshFooter.m */ = {isa = PBXFileReference; fileEncoding = 4; lastKnownFileType = sourcecode.c.objc; path = MJRefreshFooter.m; sourceTree = "<group>"; };
		345E63B41C2E1CFF00F55F22 /* MJRefreshHeader.h */ = {isa = PBXFileReference; fileEncoding = 4; lastKnownFileType = sourcecode.c.h; path = MJRefreshHeader.h; sourceTree = "<group>"; };
		345E63B51C2E1CFF00F55F22 /* MJRefreshHeader.m */ = {isa = PBXFileReference; fileEncoding = 4; lastKnownFileType = sourcecode.c.objc; path = MJRefreshHeader.m; sourceTree = "<group>"; };
		345E63B91C2E1CFF00F55F22 /* MJRefreshAutoGifFooter.h */ = {isa = PBXFileReference; fileEncoding = 4; lastKnownFileType = sourcecode.c.h; path = MJRefreshAutoGifFooter.h; sourceTree = "<group>"; };
		345E63BA1C2E1CFF00F55F22 /* MJRefreshAutoGifFooter.m */ = {isa = PBXFileReference; fileEncoding = 4; lastKnownFileType = sourcecode.c.objc; path = MJRefreshAutoGifFooter.m; sourceTree = "<group>"; };
		345E63BB1C2E1CFF00F55F22 /* MJRefreshAutoNormalFooter.h */ = {isa = PBXFileReference; fileEncoding = 4; lastKnownFileType = sourcecode.c.h; path = MJRefreshAutoNormalFooter.h; sourceTree = "<group>"; };
		345E63BC1C2E1CFF00F55F22 /* MJRefreshAutoNormalFooter.m */ = {isa = PBXFileReference; fileEncoding = 4; lastKnownFileType = sourcecode.c.objc; path = MJRefreshAutoNormalFooter.m; sourceTree = "<group>"; };
		345E63BD1C2E1CFF00F55F22 /* MJRefreshAutoStateFooter.h */ = {isa = PBXFileReference; fileEncoding = 4; lastKnownFileType = sourcecode.c.h; path = MJRefreshAutoStateFooter.h; sourceTree = "<group>"; };
		345E63BE1C2E1CFF00F55F22 /* MJRefreshAutoStateFooter.m */ = {isa = PBXFileReference; fileEncoding = 4; lastKnownFileType = sourcecode.c.objc; path = MJRefreshAutoStateFooter.m; sourceTree = "<group>"; };
		345E63C01C2E1CFF00F55F22 /* MJRefreshBackGifFooter.h */ = {isa = PBXFileReference; fileEncoding = 4; lastKnownFileType = sourcecode.c.h; path = MJRefreshBackGifFooter.h; sourceTree = "<group>"; };
		345E63C11C2E1CFF00F55F22 /* MJRefreshBackGifFooter.m */ = {isa = PBXFileReference; fileEncoding = 4; lastKnownFileType = sourcecode.c.objc; path = MJRefreshBackGifFooter.m; sourceTree = "<group>"; };
		345E63C21C2E1CFF00F55F22 /* MJRefreshBackNormalFooter.h */ = {isa = PBXFileReference; fileEncoding = 4; lastKnownFileType = sourcecode.c.h; path = MJRefreshBackNormalFooter.h; sourceTree = "<group>"; };
		345E63C31C2E1CFF00F55F22 /* MJRefreshBackNormalFooter.m */ = {isa = PBXFileReference; fileEncoding = 4; lastKnownFileType = sourcecode.c.objc; path = MJRefreshBackNormalFooter.m; sourceTree = "<group>"; };
		345E63C41C2E1CFF00F55F22 /* MJRefreshBackStateFooter.h */ = {isa = PBXFileReference; fileEncoding = 4; lastKnownFileType = sourcecode.c.h; path = MJRefreshBackStateFooter.h; sourceTree = "<group>"; };
		345E63C51C2E1CFF00F55F22 /* MJRefreshBackStateFooter.m */ = {isa = PBXFileReference; fileEncoding = 4; lastKnownFileType = sourcecode.c.objc; path = MJRefreshBackStateFooter.m; sourceTree = "<group>"; };
		345E63C71C2E1CFF00F55F22 /* MJRefreshGifHeader.h */ = {isa = PBXFileReference; fileEncoding = 4; lastKnownFileType = sourcecode.c.h; path = MJRefreshGifHeader.h; sourceTree = "<group>"; };
		345E63C81C2E1CFF00F55F22 /* MJRefreshGifHeader.m */ = {isa = PBXFileReference; fileEncoding = 4; lastKnownFileType = sourcecode.c.objc; path = MJRefreshGifHeader.m; sourceTree = "<group>"; };
		345E63C91C2E1CFF00F55F22 /* MJRefreshNormalHeader.h */ = {isa = PBXFileReference; fileEncoding = 4; lastKnownFileType = sourcecode.c.h; path = MJRefreshNormalHeader.h; sourceTree = "<group>"; };
		345E63CA1C2E1CFF00F55F22 /* MJRefreshNormalHeader.m */ = {isa = PBXFileReference; fileEncoding = 4; lastKnownFileType = sourcecode.c.objc; path = MJRefreshNormalHeader.m; sourceTree = "<group>"; };
		345E63CB1C2E1CFF00F55F22 /* MJRefreshStateHeader.h */ = {isa = PBXFileReference; fileEncoding = 4; lastKnownFileType = sourcecode.c.h; path = MJRefreshStateHeader.h; sourceTree = "<group>"; };
		345E63CC1C2E1CFF00F55F22 /* MJRefreshStateHeader.m */ = {isa = PBXFileReference; fileEncoding = 4; lastKnownFileType = sourcecode.c.objc; path = MJRefreshStateHeader.m; sourceTree = "<group>"; };
		345E63CD1C2E1CFF00F55F22 /* MJRefresh.bundle */ = {isa = PBXFileReference; lastKnownFileType = "wrapper.plug-in"; path = MJRefresh.bundle; sourceTree = "<group>"; };
		345E63CE1C2E1CFF00F55F22 /* MJRefresh.h */ = {isa = PBXFileReference; fileEncoding = 4; lastKnownFileType = sourcecode.c.h; path = MJRefresh.h; sourceTree = "<group>"; };
		345E63CF1C2E1CFF00F55F22 /* MJRefreshConst.h */ = {isa = PBXFileReference; fileEncoding = 4; lastKnownFileType = sourcecode.c.h; path = MJRefreshConst.h; sourceTree = "<group>"; };
		345E63D01C2E1CFF00F55F22 /* MJRefreshConst.m */ = {isa = PBXFileReference; fileEncoding = 4; lastKnownFileType = sourcecode.c.objc; path = MJRefreshConst.m; sourceTree = "<group>"; };
		345E63D11C2E1CFF00F55F22 /* UIScrollView+MJExtension.h */ = {isa = PBXFileReference; fileEncoding = 4; lastKnownFileType = sourcecode.c.h; path = "UIScrollView+MJExtension.h"; sourceTree = "<group>"; };
		345E63D21C2E1CFF00F55F22 /* UIScrollView+MJExtension.m */ = {isa = PBXFileReference; fileEncoding = 4; lastKnownFileType = sourcecode.c.objc; path = "UIScrollView+MJExtension.m"; sourceTree = "<group>"; };
		345E63D31C2E1CFF00F55F22 /* UIScrollView+MJRefresh.h */ = {isa = PBXFileReference; fileEncoding = 4; lastKnownFileType = sourcecode.c.h; path = "UIScrollView+MJRefresh.h"; sourceTree = "<group>"; };
		345E63D41C2E1CFF00F55F22 /* UIScrollView+MJRefresh.m */ = {isa = PBXFileReference; fileEncoding = 4; lastKnownFileType = sourcecode.c.objc; path = "UIScrollView+MJRefresh.m"; sourceTree = "<group>"; };
		345E63D51C2E1CFF00F55F22 /* UIView+MJExtension.h */ = {isa = PBXFileReference; fileEncoding = 4; lastKnownFileType = sourcecode.c.h; path = "UIView+MJExtension.h"; sourceTree = "<group>"; };
		345E63D61C2E1CFF00F55F22 /* UIView+MJExtension.m */ = {isa = PBXFileReference; fileEncoding = 4; lastKnownFileType = sourcecode.c.objc; path = "UIView+MJExtension.m"; sourceTree = "<group>"; };
		345E63D81C2E1CFF00F55F22 /* SVIndefiniteAnimatedView.h */ = {isa = PBXFileReference; fileEncoding = 4; lastKnownFileType = sourcecode.c.h; path = SVIndefiniteAnimatedView.h; sourceTree = "<group>"; };
		345E63D91C2E1CFF00F55F22 /* SVIndefiniteAnimatedView.m */ = {isa = PBXFileReference; fileEncoding = 4; lastKnownFileType = sourcecode.c.objc; path = SVIndefiniteAnimatedView.m; sourceTree = "<group>"; };
		345E63DA1C2E1CFF00F55F22 /* SVProgressHUD-Prefix.pch */ = {isa = PBXFileReference; fileEncoding = 4; lastKnownFileType = sourcecode.c.h; path = "SVProgressHUD-Prefix.pch"; sourceTree = "<group>"; };
		345E63DB1C2E1CFF00F55F22 /* SVProgressHUD.bundle */ = {isa = PBXFileReference; lastKnownFileType = "wrapper.plug-in"; path = SVProgressHUD.bundle; sourceTree = "<group>"; };
		345E63DC1C2E1CFF00F55F22 /* SVProgressHUD.h */ = {isa = PBXFileReference; fileEncoding = 4; lastKnownFileType = sourcecode.c.h; path = SVProgressHUD.h; sourceTree = "<group>"; };
		345E63DD1C2E1CFF00F55F22 /* SVProgressHUD.m */ = {isa = PBXFileReference; fileEncoding = 4; lastKnownFileType = sourcecode.c.objc; path = SVProgressHUD.m; sourceTree = "<group>"; };
		345E63DE1C2E1CFF00F55F22 /* SVRadialGradientLayer.h */ = {isa = PBXFileReference; fileEncoding = 4; lastKnownFileType = sourcecode.c.h; path = SVRadialGradientLayer.h; sourceTree = "<group>"; };
		345E63DF1C2E1CFF00F55F22 /* SVRadialGradientLayer.m */ = {isa = PBXFileReference; fileEncoding = 4; lastKnownFileType = sourcecode.c.objc; path = SVRadialGradientLayer.m; sourceTree = "<group>"; };
		345E63E11C2E1CFF00F55F22 /* UITableView+FDIndexPathHeightCache.h */ = {isa = PBXFileReference; fileEncoding = 4; lastKnownFileType = sourcecode.c.h; path = "UITableView+FDIndexPathHeightCache.h"; sourceTree = "<group>"; };
		345E63E21C2E1CFF00F55F22 /* UITableView+FDIndexPathHeightCache.m */ = {isa = PBXFileReference; fileEncoding = 4; lastKnownFileType = sourcecode.c.objc; path = "UITableView+FDIndexPathHeightCache.m"; sourceTree = "<group>"; };
		345E63E31C2E1CFF00F55F22 /* UITableView+FDKeyedHeightCache.h */ = {isa = PBXFileReference; fileEncoding = 4; lastKnownFileType = sourcecode.c.h; path = "UITableView+FDKeyedHeightCache.h"; sourceTree = "<group>"; };
		345E63E41C2E1CFF00F55F22 /* UITableView+FDKeyedHeightCache.m */ = {isa = PBXFileReference; fileEncoding = 4; lastKnownFileType = sourcecode.c.objc; path = "UITableView+FDKeyedHeightCache.m"; sourceTree = "<group>"; };
		345E63E51C2E1CFF00F55F22 /* UITableView+FDTemplateLayoutCell.h */ = {isa = PBXFileReference; fileEncoding = 4; lastKnownFileType = sourcecode.c.h; path = "UITableView+FDTemplateLayoutCell.h"; sourceTree = "<group>"; };
		345E63E61C2E1CFF00F55F22 /* UITableView+FDTemplateLayoutCell.m */ = {isa = PBXFileReference; fileEncoding = 4; lastKnownFileType = sourcecode.c.objc; path = "UITableView+FDTemplateLayoutCell.m"; sourceTree = "<group>"; };
		345E63E71C2E1CFF00F55F22 /* UITableView+FDTemplateLayoutCellDebug.h */ = {isa = PBXFileReference; fileEncoding = 4; lastKnownFileType = sourcecode.c.h; path = "UITableView+FDTemplateLayoutCellDebug.h"; sourceTree = "<group>"; };
		345E63E81C2E1CFF00F55F22 /* UITableView+FDTemplateLayoutCellDebug.m */ = {isa = PBXFileReference; fileEncoding = 4; lastKnownFileType = sourcecode.c.objc; path = "UITableView+FDTemplateLayoutCellDebug.m"; sourceTree = "<group>"; };
		345E63EA1C2E1CFF00F55F22 /* AppDelegate.h */ = {isa = PBXFileReference; fileEncoding = 4; lastKnownFileType = sourcecode.c.h; path = AppDelegate.h; sourceTree = "<group>"; };
		345E63EB1C2E1CFF00F55F22 /* AppDelegate.m */ = {isa = PBXFileReference; fileEncoding = 4; lastKnownFileType = sourcecode.c.objc; path = AppDelegate.m; sourceTree = "<group>"; };
		345E63ED1C2E1CFF00F55F22 /* BQHttpTool.h */ = {isa = PBXFileReference; fileEncoding = 4; lastKnownFileType = sourcecode.c.h; path = BQHttpTool.h; sourceTree = "<group>"; };
		345E63EE1C2E1CFF00F55F22 /* BQHttpTool.m */ = {isa = PBXFileReference; fileEncoding = 4; lastKnownFileType = sourcecode.c.objc; path = BQHttpTool.m; sourceTree = "<group>"; };
		345E63F21C2E1CFF00F55F22 /* BQViewController.h */ = {isa = PBXFileReference; fileEncoding = 4; lastKnownFileType = sourcecode.c.h; path = BQViewController.h; sourceTree = "<group>"; };
		345E63F31C2E1CFF00F55F22 /* BQViewController.m */ = {isa = PBXFileReference; fileEncoding = 4; lastKnownFileType = sourcecode.c.objc; path = BQViewController.m; sourceTree = "<group>"; };
		345E63F51C2E1CFF00F55F22 /* BQModel.h */ = {isa = PBXFileReference; fileEncoding = 4; lastKnownFileType = sourcecode.c.h; path = BQModel.h; sourceTree = "<group>"; };
		345E63F61C2E1CFF00F55F22 /* BQModel.m */ = {isa = PBXFileReference; fileEncoding = 4; lastKnownFileType = sourcecode.c.objc; path = BQModel.m; sourceTree = "<group>"; };
		345E63F81C2E1CFF00F55F22 /* BQCell.h */ = {isa = PBXFileReference; fileEncoding = 4; lastKnownFileType = sourcecode.c.h; path = BQCell.h; sourceTree = "<group>"; };
		345E63F91C2E1CFF00F55F22 /* BQCell.m */ = {isa = PBXFileReference; fileEncoding = 4; lastKnownFileType = sourcecode.c.objc; path = BQCell.m; sourceTree = "<group>"; };
		345E63FA1C2E1CFF00F55F22 /* BQCell.xib */ = {isa = PBXFileReference; fileEncoding = 4; lastKnownFileType = file.xib; path = BQCell.xib; sourceTree = "<group>"; };
		345E63FC1C2E1CFF00F55F22 /* BQViewModel.h */ = {isa = PBXFileReference; fileEncoding = 4; lastKnownFileType = sourcecode.c.h; path = BQViewModel.h; sourceTree = "<group>"; };
		345E63FD1C2E1CFF00F55F22 /* BQViewModel.m */ = {isa = PBXFileReference; fileEncoding = 4; lastKnownFileType = sourcecode.c.objc; path = BQViewModel.m; sourceTree = "<group>"; };
		345E64001C2E1CFF00F55F22 /* BQViewController2.h */ = {isa = PBXFileReference; fileEncoding = 4; lastKnownFileType = sourcecode.c.h; path = BQViewController2.h; sourceTree = "<group>"; };
		345E64011C2E1CFF00F55F22 /* BQViewController2.m */ = {isa = PBXFileReference; fileEncoding = 4; lastKnownFileType = sourcecode.c.objc; path = BQViewController2.m; sourceTree = "<group>"; };
		345E64031C2E1CFF00F55F22 /* BQTestModel.h */ = {isa = PBXFileReference; fileEncoding = 4; lastKnownFileType = sourcecode.c.h; path = BQTestModel.h; sourceTree = "<group>"; };
		345E64041C2E1CFF00F55F22 /* BQTestModel.m */ = {isa = PBXFileReference; fileEncoding = 4; lastKnownFileType = sourcecode.c.objc; path = BQTestModel.m; sourceTree = "<group>"; };
		345E64061C2E1CFF00F55F22 /* BQCollectionCell.h */ = {isa = PBXFileReference; fileEncoding = 4; lastKnownFileType = sourcecode.c.h; path = BQCollectionCell.h; sourceTree = "<group>"; };
		345E64071C2E1CFF00F55F22 /* BQCollectionCell.m */ = {isa = PBXFileReference; fileEncoding = 4; lastKnownFileType = sourcecode.c.objc; path = BQCollectionCell.m; sourceTree = "<group>"; };
		345E64081C2E1CFF00F55F22 /* BQCollectionCell.xib */ = {isa = PBXFileReference; fileEncoding = 4; lastKnownFileType = file.xib; path = BQCollectionCell.xib; sourceTree = "<group>"; };
		345E640A1C2E1CFF00F55F22 /* BQViewModel2.h */ = {isa = PBXFileReference; fileEncoding = 4; lastKnownFileType = sourcecode.c.h; path = BQViewModel2.h; sourceTree = "<group>"; };
		345E640B1C2E1CFF00F55F22 /* BQViewModel2.m */ = {isa = PBXFileReference; fileEncoding = 4; lastKnownFileType = sourcecode.c.objc; path = BQViewModel2.m; sourceTree = "<group>"; };
		345E64401C2E1D2C00F55F22 /* Main.storyboard */ = {isa = PBXFileReference; fileEncoding = 4; lastKnownFileType = file.storyboard; path = Main.storyboard; sourceTree = "<group>"; };
		345E64561C2E1E4F00F55F22 /* LaunchScreen.xib */ = {isa = PBXFileReference; fileEncoding = 4; lastKnownFileType = file.xib; path = LaunchScreen.xib; sourceTree = "<group>"; };
		3494633C1C2FDCAC0073C182 /* BQBaseViewModel.h */ = {isa = PBXFileReference; fileEncoding = 4; lastKnownFileType = sourcecode.c.h; path = BQBaseViewModel.h; sourceTree = "<group>"; };
		3494633D1C2FDCAC0073C182 /* BQBaseViewModel.m */ = {isa = PBXFileReference; fileEncoding = 4; lastKnownFileType = sourcecode.c.objc; path = BQBaseViewModel.m; sourceTree = "<group>"; };
		3494633F1C2FDCAC0073C182 /* UICollectionViewCell+Extension.h */ = {isa = PBXFileReference; fileEncoding = 4; lastKnownFileType = sourcecode.c.h; path = "UICollectionViewCell+Extension.h"; sourceTree = "<group>"; };
		349463401C2FDCAC0073C182 /* UICollectionViewCell+Extension.m */ = {isa = PBXFileReference; fileEncoding = 4; lastKnownFileType = sourcecode.c.objc; path = "UICollectionViewCell+Extension.m"; sourceTree = "<group>"; };
		349463411C2FDCAC0073C182 /* XTCollectionDataDelegate.h */ = {isa = PBXFileReference; fileEncoding = 4; lastKnownFileType = sourcecode.c.h; path = XTCollectionDataDelegate.h; sourceTree = "<group>"; };
		349463421C2FDCAC0073C182 /* XTCollectionDataDelegate.m */ = {isa = PBXFileReference; fileEncoding = 4; lastKnownFileType = sourcecode.c.objc; path = XTCollectionDataDelegate.m; sourceTree = "<group>"; };
		349463441C2FDCAC0073C182 /* UITableViewCell+Extension.h */ = {isa = PBXFileReference; fileEncoding = 4; lastKnownFileType = sourcecode.c.h; path = "UITableViewCell+Extension.h"; sourceTree = "<group>"; };
		349463451C2FDCAC0073C182 /* UITableViewCell+Extension.m */ = {isa = PBXFileReference; fileEncoding = 4; lastKnownFileType = sourcecode.c.objc; path = "UITableViewCell+Extension.m"; sourceTree = "<group>"; };
		349463461C2FDCAC0073C182 /* XTTableDataDelegate.h */ = {isa = PBXFileReference; fileEncoding = 4; lastKnownFileType = sourcecode.c.h; path = XTTableDataDelegate.h; sourceTree = "<group>"; };
		349463471C2FDCAC0073C182 /* XTTableDataDelegate.m */ = {isa = PBXFileReference; fileEncoding = 4; lastKnownFileType = sourcecode.c.objc; path = XTTableDataDelegate.m; sourceTree = "<group>"; };
/* End PBXFileReference section */

/* Begin PBXFrameworksBuildPhase section */
		345E63691C2E1CE400F55F22 /* Frameworks */ = {
			isa = PBXFrameworksBuildPhase;
			buildActionMask = 2147483647;
			files = (
			);
			runOnlyForDeploymentPostprocessing = 0;
		};
/* End PBXFrameworksBuildPhase section */

/* Begin PBXGroup section */
		345E63631C2E1CE400F55F22 = {
			isa = PBXGroup;
			children = (
				345E636E1C2E1CE400F55F22 /* MVVMFramework */,
				345E636D1C2E1CE400F55F22 /* Products */,
			);
			sourceTree = "<group>";
		};
		345E636D1C2E1CE400F55F22 /* Products */ = {
			isa = PBXGroup;
			children = (
				345E636C1C2E1CE400F55F22 /* MVVMFramework.app */,
			);
			name = Products;
			sourceTree = "<group>";
		};
		345E636E1C2E1CE400F55F22 /* MVVMFramework */ = {
			isa = PBXGroup;
			children = (
				345E63861C2E1CFF00F55F22 /* Classes */,
				345E636F1C2E1CE400F55F22 /* Supporting Files */,
			);
			path = MVVMFramework;
			sourceTree = "<group>";
		};
		345E636F1C2E1CE400F55F22 /* Supporting Files */ = {
			isa = PBXGroup;
			children = (
				345E63801C2E1CE400F55F22 /* Info.plist */,
				345E637B1C2E1CE400F55F22 /* Assets.xcassets */,
				345E64401C2E1D2C00F55F22 /* Main.storyboard */,
				345E63701C2E1CE400F55F22 /* main.m */,
				345E64561C2E1E4F00F55F22 /* LaunchScreen.xib */,
			);
			name = "Supporting Files";
			sourceTree = "<group>";
		};
		345E63861C2E1CFF00F55F22 /* Classes */ = {
			isa = PBXGroup;
			children = (
				345E63EF1C2E1CFF00F55F22 /* Src */,
				345E63871C2E1CFF00F55F22 /* Main */,
			);
			path = Classes;
			sourceTree = "<group>";
		};
		345E63871C2E1CFF00F55F22 /* Main */ = {
			isa = PBXGroup;
			children = (
				349463391C2FDCAC0073C182 /* Handler */,
				345E63881C2E1CFF00F55F22 /* Category */,
				345E639A1C2E1CFF00F55F22 /* Lib */,
				345E63E91C2E1CFF00F55F22 /* Other */,
				345E63EC1C2E1CFF00F55F22 /* Tool */,
			);
			path = Main;
			sourceTree = "<group>";
		};
		345E63881C2E1CFF00F55F22 /* Category */ = {
			isa = PBXGroup;
			children = (
				345E63891C2E1CFF00F55F22 /* UIView+Extension */,
			);
			path = Category;
			sourceTree = "<group>";
		};
		345E63891C2E1CFF00F55F22 /* UIView+Extension */ = {
			isa = PBXGroup;
			children = (
				345E638A1C2E1CFF00F55F22 /* UIView+Extension.h */,
				345E638B1C2E1CFF00F55F22 /* UIView+Extension.m */,
			);
			path = "UIView+Extension";
			sourceTree = "<group>";
		};
		345E639A1C2E1CFF00F55F22 /* Lib */ = {
			isa = PBXGroup;
			children = (
				345E639B1C2E1CFF00F55F22 /* AFNetworking */,
				345E63A91C2E1CFF00F55F22 /* Foundation+Log.m */,
				345E63AA1C2E1CFF00F55F22 /* MJRefresh */,
				345E63D71C2E1CFF00F55F22 /* SVProgressHUD */,
				345E63E01C2E1CFF00F55F22 /* UITableView+FDIndexPathHeightCache */,
			);
			path = Lib;
			sourceTree = "<group>";
		};
		345E639B1C2E1CFF00F55F22 /* AFNetworking */ = {
			isa = PBXGroup;
			children = (
				345E639C1C2E1CFF00F55F22 /* AFHTTPSessionManager.h */,
				345E639D1C2E1CFF00F55F22 /* AFHTTPSessionManager.m */,
				345E639E1C2E1CFF00F55F22 /* AFNetworking.h */,
				345E639F1C2E1CFF00F55F22 /* AFNetworkReachabilityManager.h */,
				345E63A01C2E1CFF00F55F22 /* AFNetworkReachabilityManager.m */,
				345E63A11C2E1CFF00F55F22 /* AFSecurityPolicy.h */,
				345E63A21C2E1CFF00F55F22 /* AFSecurityPolicy.m */,
				345E63A31C2E1CFF00F55F22 /* AFURLRequestSerialization.h */,
				345E63A41C2E1CFF00F55F22 /* AFURLRequestSerialization.m */,
				345E63A51C2E1CFF00F55F22 /* AFURLResponseSerialization.h */,
				345E63A61C2E1CFF00F55F22 /* AFURLResponseSerialization.m */,
				345E63A71C2E1CFF00F55F22 /* AFURLSessionManager.h */,
				345E63A81C2E1CFF00F55F22 /* AFURLSessionManager.m */,
			);
			path = AFNetworking;
			sourceTree = "<group>";
		};
		345E63AA1C2E1CFF00F55F22 /* MJRefresh */ = {
			isa = PBXGroup;
			children = (
				345E63AB1C2E1CFF00F55F22 /* Base */,
				345E63B61C2E1CFF00F55F22 /* Custom */,
				345E63CD1C2E1CFF00F55F22 /* MJRefresh.bundle */,
				345E63CE1C2E1CFF00F55F22 /* MJRefresh.h */,
				345E63CF1C2E1CFF00F55F22 /* MJRefreshConst.h */,
				345E63D01C2E1CFF00F55F22 /* MJRefreshConst.m */,
				345E63D11C2E1CFF00F55F22 /* UIScrollView+MJExtension.h */,
				345E63D21C2E1CFF00F55F22 /* UIScrollView+MJExtension.m */,
				345E63D31C2E1CFF00F55F22 /* UIScrollView+MJRefresh.h */,
				345E63D41C2E1CFF00F55F22 /* UIScrollView+MJRefresh.m */,
				345E63D51C2E1CFF00F55F22 /* UIView+MJExtension.h */,
				345E63D61C2E1CFF00F55F22 /* UIView+MJExtension.m */,
			);
			path = MJRefresh;
			sourceTree = "<group>";
		};
		345E63AB1C2E1CFF00F55F22 /* Base */ = {
			isa = PBXGroup;
			children = (
				345E63AC1C2E1CFF00F55F22 /* MJRefreshAutoFooter.h */,
				345E63AD1C2E1CFF00F55F22 /* MJRefreshAutoFooter.m */,
				345E63AE1C2E1CFF00F55F22 /* MJRefreshBackFooter.h */,
				345E63AF1C2E1CFF00F55F22 /* MJRefreshBackFooter.m */,
				345E63B01C2E1CFF00F55F22 /* MJRefreshComponent.h */,
				345E63B11C2E1CFF00F55F22 /* MJRefreshComponent.m */,
				345E63B21C2E1CFF00F55F22 /* MJRefreshFooter.h */,
				345E63B31C2E1CFF00F55F22 /* MJRefreshFooter.m */,
				345E63B41C2E1CFF00F55F22 /* MJRefreshHeader.h */,
				345E63B51C2E1CFF00F55F22 /* MJRefreshHeader.m */,
			);
			path = Base;
			sourceTree = "<group>";
		};
		345E63B61C2E1CFF00F55F22 /* Custom */ = {
			isa = PBXGroup;
			children = (
				345E63B71C2E1CFF00F55F22 /* Footer */,
				345E63C61C2E1CFF00F55F22 /* Header */,
			);
			path = Custom;
			sourceTree = "<group>";
		};
		345E63B71C2E1CFF00F55F22 /* Footer */ = {
			isa = PBXGroup;
			children = (
				345E63B81C2E1CFF00F55F22 /* Auto */,
				345E63BF1C2E1CFF00F55F22 /* Back */,
			);
			path = Footer;
			sourceTree = "<group>";
		};
		345E63B81C2E1CFF00F55F22 /* Auto */ = {
			isa = PBXGroup;
			children = (
				345E63B91C2E1CFF00F55F22 /* MJRefreshAutoGifFooter.h */,
				345E63BA1C2E1CFF00F55F22 /* MJRefreshAutoGifFooter.m */,
				345E63BB1C2E1CFF00F55F22 /* MJRefreshAutoNormalFooter.h */,
				345E63BC1C2E1CFF00F55F22 /* MJRefreshAutoNormalFooter.m */,
				345E63BD1C2E1CFF00F55F22 /* MJRefreshAutoStateFooter.h */,
				345E63BE1C2E1CFF00F55F22 /* MJRefreshAutoStateFooter.m */,
			);
			path = Auto;
			sourceTree = "<group>";
		};
		345E63BF1C2E1CFF00F55F22 /* Back */ = {
			isa = PBXGroup;
			children = (
				345E63C01C2E1CFF00F55F22 /* MJRefreshBackGifFooter.h */,
				345E63C11C2E1CFF00F55F22 /* MJRefreshBackGifFooter.m */,
				345E63C21C2E1CFF00F55F22 /* MJRefreshBackNormalFooter.h */,
				345E63C31C2E1CFF00F55F22 /* MJRefreshBackNormalFooter.m */,
				345E63C41C2E1CFF00F55F22 /* MJRefreshBackStateFooter.h */,
				345E63C51C2E1CFF00F55F22 /* MJRefreshBackStateFooter.m */,
			);
			path = Back;
			sourceTree = "<group>";
		};
		345E63C61C2E1CFF00F55F22 /* Header */ = {
			isa = PBXGroup;
			children = (
				345E63C71C2E1CFF00F55F22 /* MJRefreshGifHeader.h */,
				345E63C81C2E1CFF00F55F22 /* MJRefreshGifHeader.m */,
				345E63C91C2E1CFF00F55F22 /* MJRefreshNormalHeader.h */,
				345E63CA1C2E1CFF00F55F22 /* MJRefreshNormalHeader.m */,
				345E63CB1C2E1CFF00F55F22 /* MJRefreshStateHeader.h */,
				345E63CC1C2E1CFF00F55F22 /* MJRefreshStateHeader.m */,
			);
			path = Header;
			sourceTree = "<group>";
		};
		345E63D71C2E1CFF00F55F22 /* SVProgressHUD */ = {
			isa = PBXGroup;
			children = (
				345E63D81C2E1CFF00F55F22 /* SVIndefiniteAnimatedView.h */,
				345E63D91C2E1CFF00F55F22 /* SVIndefiniteAnimatedView.m */,
				345E63DA1C2E1CFF00F55F22 /* SVProgressHUD-Prefix.pch */,
				345E63DB1C2E1CFF00F55F22 /* SVProgressHUD.bundle */,
				345E63DC1C2E1CFF00F55F22 /* SVProgressHUD.h */,
				345E63DD1C2E1CFF00F55F22 /* SVProgressHUD.m */,
				345E63DE1C2E1CFF00F55F22 /* SVRadialGradientLayer.h */,
				345E63DF1C2E1CFF00F55F22 /* SVRadialGradientLayer.m */,
			);
			path = SVProgressHUD;
			sourceTree = "<group>";
		};
		345E63E01C2E1CFF00F55F22 /* UITableView+FDIndexPathHeightCache */ = {
			isa = PBXGroup;
			children = (
				345E63E11C2E1CFF00F55F22 /* UITableView+FDIndexPathHeightCache.h */,
				345E63E21C2E1CFF00F55F22 /* UITableView+FDIndexPathHeightCache.m */,
				345E63E31C2E1CFF00F55F22 /* UITableView+FDKeyedHeightCache.h */,
				345E63E41C2E1CFF00F55F22 /* UITableView+FDKeyedHeightCache.m */,
				345E63E51C2E1CFF00F55F22 /* UITableView+FDTemplateLayoutCell.h */,
				345E63E61C2E1CFF00F55F22 /* UITableView+FDTemplateLayoutCell.m */,
				345E63E71C2E1CFF00F55F22 /* UITableView+FDTemplateLayoutCellDebug.h */,
				345E63E81C2E1CFF00F55F22 /* UITableView+FDTemplateLayoutCellDebug.m */,
			);
			path = "UITableView+FDIndexPathHeightCache";
			sourceTree = "<group>";
		};
		345E63E91C2E1CFF00F55F22 /* Other */ = {
			isa = PBXGroup;
			children = (
				345E63EA1C2E1CFF00F55F22 /* AppDelegate.h */,
				345E63EB1C2E1CFF00F55F22 /* AppDelegate.m */,
			);
			path = Other;
			sourceTree = "<group>";
		};
		345E63EC1C2E1CFF00F55F22 /* Tool */ = {
			isa = PBXGroup;
			children = (
				345E63ED1C2E1CFF00F55F22 /* BQHttpTool.h */,
				345E63EE1C2E1CFF00F55F22 /* BQHttpTool.m */,
			);
			path = Tool;
			sourceTree = "<group>";
		};
		345E63EF1C2E1CFF00F55F22 /* Src */ = {
			isa = PBXGroup;
			children = (
				345E63F01C2E1CFF00F55F22 /* firstExample */,
				345E63FE1C2E1CFF00F55F22 /* secondExample */,
			);
			path = Src;
			sourceTree = "<group>";
		};
		345E63F01C2E1CFF00F55F22 /* firstExample */ = {
			isa = PBXGroup;
			children = (
				345E63F11C2E1CFF00F55F22 /* Controller */,
				345E63F41C2E1CFF00F55F22 /* Model */,
				345E63F71C2E1CFF00F55F22 /* View */,
				345E63FB1C2E1CFF00F55F22 /* ViewModel */,
			);
			path = firstExample;
			sourceTree = "<group>";
		};
		345E63F11C2E1CFF00F55F22 /* Controller */ = {
			isa = PBXGroup;
			children = (
				345E63F21C2E1CFF00F55F22 /* BQViewController.h */,
				345E63F31C2E1CFF00F55F22 /* BQViewController.m */,
			);
			path = Controller;
			sourceTree = "<group>";
		};
		345E63F41C2E1CFF00F55F22 /* Model */ = {
			isa = PBXGroup;
			children = (
				345E63F51C2E1CFF00F55F22 /* BQModel.h */,
				345E63F61C2E1CFF00F55F22 /* BQModel.m */,
			);
			path = Model;
			sourceTree = "<group>";
		};
		345E63F71C2E1CFF00F55F22 /* View */ = {
			isa = PBXGroup;
			children = (
				345E63F81C2E1CFF00F55F22 /* BQCell.h */,
				345E63F91C2E1CFF00F55F22 /* BQCell.m */,
				345E63FA1C2E1CFF00F55F22 /* BQCell.xib */,
			);
			path = View;
			sourceTree = "<group>";
		};
		345E63FB1C2E1CFF00F55F22 /* ViewModel */ = {
			isa = PBXGroup;
			children = (
				345E63FC1C2E1CFF00F55F22 /* BQViewModel.h */,
				345E63FD1C2E1CFF00F55F22 /* BQViewModel.m */,
			);
			path = ViewModel;
			sourceTree = "<group>";
		};
		345E63FE1C2E1CFF00F55F22 /* secondExample */ = {
			isa = PBXGroup;
			children = (
				345E63FF1C2E1CFF00F55F22 /* Controller */,
				345E64021C2E1CFF00F55F22 /* Model */,
				345E64051C2E1CFF00F55F22 /* View */,
				345E64091C2E1CFF00F55F22 /* ViewModel */,
			);
			path = secondExample;
			sourceTree = "<group>";
		};
		345E63FF1C2E1CFF00F55F22 /* Controller */ = {
			isa = PBXGroup;
			children = (
				345E64001C2E1CFF00F55F22 /* BQViewController2.h */,
				345E64011C2E1CFF00F55F22 /* BQViewController2.m */,
			);
			path = Controller;
			sourceTree = "<group>";
		};
		345E64021C2E1CFF00F55F22 /* Model */ = {
			isa = PBXGroup;
			children = (
				345E64031C2E1CFF00F55F22 /* BQTestModel.h */,
				345E64041C2E1CFF00F55F22 /* BQTestModel.m */,
			);
			path = Model;
			sourceTree = "<group>";
		};
		345E64051C2E1CFF00F55F22 /* View */ = {
			isa = PBXGroup;
			children = (
				345E64061C2E1CFF00F55F22 /* BQCollectionCell.h */,
				345E64071C2E1CFF00F55F22 /* BQCollectionCell.m */,
				345E64081C2E1CFF00F55F22 /* BQCollectionCell.xib */,
			);
			path = View;
			sourceTree = "<group>";
		};
		345E64091C2E1CFF00F55F22 /* ViewModel */ = {
			isa = PBXGroup;
			children = (
				345E640A1C2E1CFF00F55F22 /* BQViewModel2.h */,
				345E640B1C2E1CFF00F55F22 /* BQViewModel2.m */,
			);
			path = ViewModel;
			sourceTree = "<group>";
		};
		349463391C2FDCAC0073C182 /* Handler */ = {
			isa = PBXGroup;
			children = (
				3494633A1C2FDCAC0073C182 /* BQViewModel */,
			);
			path = Handler;
			sourceTree = "<group>";
		};
		3494633A1C2FDCAC0073C182 /* BQViewModel */ = {
			isa = PBXGroup;
			children = (
				3494633B1C2FDCAC0073C182 /* BaseViewModel */,
				3494633E1C2FDCAC0073C182 /* XTCollectionDataDeleagte */,
				349463431C2FDCAC0073C182 /* XTTableDataDelegate */,
			);
			path = BQViewModel;
			sourceTree = "<group>";
		};
		3494633B1C2FDCAC0073C182 /* BaseViewModel */ = {
			isa = PBXGroup;
			children = (
				3494633C1C2FDCAC0073C182 /* BQBaseViewModel.h */,
				3494633D1C2FDCAC0073C182 /* BQBaseViewModel.m */,
			);
			path = BaseViewModel;
			sourceTree = "<group>";
		};
		3494633E1C2FDCAC0073C182 /* XTCollectionDataDeleagte */ = {
			isa = PBXGroup;
			children = (
				3494633F1C2FDCAC0073C182 /* UICollectionViewCell+Extension.h */,
				349463401C2FDCAC0073C182 /* UICollectionViewCell+Extension.m */,
				349463411C2FDCAC0073C182 /* XTCollectionDataDelegate.h */,
				349463421C2FDCAC0073C182 /* XTCollectionDataDelegate.m */,
			);
			path = XTCollectionDataDeleagte;
			sourceTree = "<group>";
		};
		349463431C2FDCAC0073C182 /* XTTableDataDelegate */ = {
			isa = PBXGroup;
			children = (
				349463441C2FDCAC0073C182 /* UITableViewCell+Extension.h */,
				349463451C2FDCAC0073C182 /* UITableViewCell+Extension.m */,
				349463461C2FDCAC0073C182 /* XTTableDataDelegate.h */,
				349463471C2FDCAC0073C182 /* XTTableDataDelegate.m */,
			);
			path = XTTableDataDelegate;
			sourceTree = "<group>";
		};
/* End PBXGroup section */

/* Begin PBXNativeTarget section */
		345E636B1C2E1CE400F55F22 /* MVVMFramework */ = {
			isa = PBXNativeTarget;
			buildConfigurationList = 345E63831C2E1CE400F55F22 /* Build configuration list for PBXNativeTarget "MVVMFramework" */;
			buildPhases = (
				345E63681C2E1CE400F55F22 /* Sources */,
				345E63691C2E1CE400F55F22 /* Frameworks */,
				345E636A1C2E1CE400F55F22 /* Resources */,
			);
			buildRules = (
			);
			dependencies = (
			);
			name = MVVMFramework;
			productName = MVVMFramework;
			productReference = 345E636C1C2E1CE400F55F22 /* MVVMFramework.app */;
			productType = "com.apple.product-type.application";
		};
/* End PBXNativeTarget section */

/* Begin PBXProject section */
		345E63641C2E1CE400F55F22 /* Project object */ = {
			isa = PBXProject;
			attributes = {
				LastUpgradeCheck = 0720;
				ORGANIZATIONNAME = momo;
				TargetAttributes = {
					345E636B1C2E1CE400F55F22 = {
						CreatedOnToolsVersion = 7.2;
					};
				};
			};
			buildConfigurationList = 345E63671C2E1CE400F55F22 /* Build configuration list for PBXProject "MVVMFramework" */;
			compatibilityVersion = "Xcode 3.2";
			developmentRegion = English;
			hasScannedForEncodings = 0;
			knownRegions = (
				en,
				Base,
			);
			mainGroup = 345E63631C2E1CE400F55F22;
			productRefGroup = 345E636D1C2E1CE400F55F22 /* Products */;
			projectDirPath = "";
			projectRoot = "";
			targets = (
				345E636B1C2E1CE400F55F22 /* MVVMFramework */,
			);
		};
/* End PBXProject section */

/* Begin PBXResourcesBuildPhase section */
		345E636A1C2E1CE400F55F22 /* Resources */ = {
			isa = PBXResourcesBuildPhase;
			buildActionMask = 2147483647;
			files = (
				345E64411C2E1D2C00F55F22 /* Main.storyboard in Resources */,
				345E637C1C2E1CE400F55F22 /* Assets.xcassets in Resources */,
				345E64391C2E1CFF00F55F22 /* BQCell.xib in Resources */,
				345E64571C2E1E4F00F55F22 /* LaunchScreen.xib in Resources */,
				345E64271C2E1CFF00F55F22 /* MJRefresh.bundle in Resources */,
				345E643E1C2E1CFF00F55F22 /* BQCollectionCell.xib in Resources */,
				345E642D1C2E1CFF00F55F22 /* SVProgressHUD.bundle in Resources */,
			);
			runOnlyForDeploymentPostprocessing = 0;
		};
/* End PBXResourcesBuildPhase section */

/* Begin PBXSourcesBuildPhase section */
		345E63681C2E1CE400F55F22 /* Sources */ = {
			isa = PBXSourcesBuildPhase;
			buildActionMask = 2147483647;
			files = (
				345E64251C2E1CFF00F55F22 /* MJRefreshNormalHeader.m in Sources */,
				345E64371C2E1CFF00F55F22 /* BQModel.m in Sources */,
				345E64351C2E1CFF00F55F22 /* BQHttpTool.m in Sources */,
				345E641B1C2E1CFF00F55F22 /* MJRefreshComponent.m in Sources */,
				345E64361C2E1CFF00F55F22 /* BQViewController.m in Sources */,
				345E642A1C2E1CFF00F55F22 /* UIScrollView+MJRefresh.m in Sources */,
				345E64341C2E1CFF00F55F22 /* AppDelegate.m in Sources */,
				345E64181C2E1CFF00F55F22 /* Foundation+Log.m in Sources */,
				345E642E1C2E1CFF00F55F22 /* SVProgressHUD.m in Sources */,
				345E64131C2E1CFF00F55F22 /* AFNetworkReachabilityManager.m in Sources */,
				345E643D1C2E1CFF00F55F22 /* BQCollectionCell.m in Sources */,
				345E642B1C2E1CFF00F55F22 /* UIView+MJExtension.m in Sources */,
				345E641F1C2E1CFF00F55F22 /* MJRefreshAutoNormalFooter.m in Sources */,
				345E641C1C2E1CFF00F55F22 /* MJRefreshFooter.m in Sources */,
				345E643C1C2E1CFF00F55F22 /* BQTestModel.m in Sources */,
				345E64261C2E1CFF00F55F22 /* MJRefreshStateHeader.m in Sources */,
				345E641E1C2E1CFF00F55F22 /* MJRefreshAutoGifFooter.m in Sources */,
				3494634C1C2FDCAC0073C182 /* XTTableDataDelegate.m in Sources */,
				345E642F1C2E1CFF00F55F22 /* SVRadialGradientLayer.m in Sources */,
				345E641A1C2E1CFF00F55F22 /* MJRefreshBackFooter.m in Sources */,
				345E64231C2E1CFF00F55F22 /* MJRefreshBackStateFooter.m in Sources */,
				345E643B1C2E1CFF00F55F22 /* BQViewController2.m in Sources */,
				345E64241C2E1CFF00F55F22 /* MJRefreshGifHeader.m in Sources */,
				345E64321C2E1CFF00F55F22 /* UITableView+FDTemplateLayoutCell.m in Sources */,
				345E64331C2E1CFF00F55F22 /* UITableView+FDTemplateLayoutCellDebug.m in Sources */,
				345E640C1C2E1CFF00F55F22 /* UIView+Extension.m in Sources */,
				345E64381C2E1CFF00F55F22 /* BQCell.m in Sources */,
				345E64141C2E1CFF00F55F22 /* AFSecurityPolicy.m in Sources */,
				345E64151C2E1CFF00F55F22 /* AFURLRequestSerialization.m in Sources */,
				349463491C2FDCAC0073C182 /* UICollectionViewCell+Extension.m in Sources */,
				345E642C1C2E1CFF00F55F22 /* SVIndefiniteAnimatedView.m in Sources */,
				345E64191C2E1CFF00F55F22 /* MJRefreshAutoFooter.m in Sources */,
				3494634B1C2FDCAC0073C182 /* UITableViewCell+Extension.m in Sources */,
				345E64281C2E1CFF00F55F22 /* MJRefreshConst.m in Sources */,
				345E64211C2E1CFF00F55F22 /* MJRefreshBackGifFooter.m in Sources */,
				345E64301C2E1CFF00F55F22 /* UITableView+FDIndexPathHeightCache.m in Sources */,
				345E643A1C2E1CFF00F55F22 /* BQViewModel.m in Sources */,
				345E63711C2E1CE400F55F22 /* main.m in Sources */,
				345E64311C2E1CFF00F55F22 /* UITableView+FDKeyedHeightCache.m in Sources */,
				349463481C2FDCAC0073C182 /* BQBaseViewModel.m in Sources */,
				345E641D1C2E1CFF00F55F22 /* MJRefreshHeader.m in Sources */,
				345E64291C2E1CFF00F55F22 /* UIScrollView+MJExtension.m in Sources */,
				3494634A1C2FDCAC0073C182 /* XTCollectionDataDelegate.m in Sources */,
				345E64201C2E1CFF00F55F22 /* MJRefreshAutoStateFooter.m in Sources */,
				345E64161C2E1CFF00F55F22 /* AFURLResponseSerialization.m in Sources */,
				345E64221C2E1CFF00F55F22 /* MJRefreshBackNormalFooter.m in Sources */,
				345E643F1C2E1CFF00F55F22 /* BQViewModel2.m in Sources */,
				345E64171C2E1CFF00F55F22 /* AFURLSessionManager.m in Sources */,
				345E64121C2E1CFF00F55F22 /* AFHTTPSessionManager.m in Sources */,
			);
			runOnlyForDeploymentPostprocessing = 0;
		};
/* End PBXSourcesBuildPhase section */

/* Begin XCBuildConfiguration section */
		345E63811C2E1CE400F55F22 /* Debug */ = {
			isa = XCBuildConfiguration;
			buildSettings = {
				ALWAYS_SEARCH_USER_PATHS = NO;
				CLANG_CXX_LANGUAGE_STANDARD = "gnu++0x";
				CLANG_CXX_LIBRARY = "libc++";
				CLANG_ENABLE_MODULES = YES;
				CLANG_ENABLE_OBJC_ARC = YES;
				CLANG_WARN_BOOL_CONVERSION = YES;
				CLANG_WARN_CONSTANT_CONVERSION = YES;
				CLANG_WARN_DIRECT_OBJC_ISA_USAGE = YES_ERROR;
				CLANG_WARN_EMPTY_BODY = YES;
				CLANG_WARN_ENUM_CONVERSION = YES;
				CLANG_WARN_INT_CONVERSION = YES;
				CLANG_WARN_OBJC_ROOT_CLASS = YES_ERROR;
				CLANG_WARN_UNREACHABLE_CODE = YES;
				CLANG_WARN__DUPLICATE_METHOD_MATCH = YES;
				"CODE_SIGN_IDENTITY[sdk=iphoneos*]" = "iPhone Developer";
				COPY_PHASE_STRIP = NO;
				DEBUG_INFORMATION_FORMAT = dwarf;
				ENABLE_STRICT_OBJC_MSGSEND = YES;
				ENABLE_TESTABILITY = YES;
				GCC_C_LANGUAGE_STANDARD = gnu99;
				GCC_DYNAMIC_NO_PIC = NO;
				GCC_NO_COMMON_BLOCKS = YES;
				GCC_OPTIMIZATION_LEVEL = 0;
				GCC_PREPROCESSOR_DEFINITIONS = (
					"DEBUG=1",
					"$(inherited)",
				);
				GCC_WARN_64_TO_32_BIT_CONVERSION = YES;
				GCC_WARN_ABOUT_RETURN_TYPE = YES_ERROR;
				GCC_WARN_UNDECLARED_SELECTOR = YES;
				GCC_WARN_UNINITIALIZED_AUTOS = YES_AGGRESSIVE;
				GCC_WARN_UNUSED_FUNCTION = YES;
				GCC_WARN_UNUSED_VARIABLE = YES;
				IPHONEOS_DEPLOYMENT_TARGET = 8.0;
				MTL_ENABLE_DEBUG_INFO = YES;
				ONLY_ACTIVE_ARCH = YES;
				SDKROOT = iphoneos;
				TARGETED_DEVICE_FAMILY = "1,2";
			};
			name = Debug;
		};
		345E63821C2E1CE400F55F22 /* Release */ = {
			isa = XCBuildConfiguration;
			buildSettings = {
				ALWAYS_SEARCH_USER_PATHS = NO;
				CLANG_CXX_LANGUAGE_STANDARD = "gnu++0x";
				CLANG_CXX_LIBRARY = "libc++";
				CLANG_ENABLE_MODULES = YES;
				CLANG_ENABLE_OBJC_ARC = YES;
				CLANG_WARN_BOOL_CONVERSION = YES;
				CLANG_WARN_CONSTANT_CONVERSION = YES;
				CLANG_WARN_DIRECT_OBJC_ISA_USAGE = YES_ERROR;
				CLANG_WARN_EMPTY_BODY = YES;
				CLANG_WARN_ENUM_CONVERSION = YES;
				CLANG_WARN_INT_CONVERSION = YES;
				CLANG_WARN_OBJC_ROOT_CLASS = YES_ERROR;
				CLANG_WARN_UNREACHABLE_CODE = YES;
				CLANG_WARN__DUPLICATE_METHOD_MATCH = YES;
				"CODE_SIGN_IDENTITY[sdk=iphoneos*]" = "iPhone Developer";
				COPY_PHASE_STRIP = NO;
				DEBUG_INFORMATION_FORMAT = "dwarf-with-dsym";
				ENABLE_NS_ASSERTIONS = NO;
				ENABLE_STRICT_OBJC_MSGSEND = YES;
				GCC_C_LANGUAGE_STANDARD = gnu99;
				GCC_NO_COMMON_BLOCKS = YES;
				GCC_WARN_64_TO_32_BIT_CONVERSION = YES;
				GCC_WARN_ABOUT_RETURN_TYPE = YES_ERROR;
				GCC_WARN_UNDECLARED_SELECTOR = YES;
				GCC_WARN_UNINITIALIZED_AUTOS = YES_AGGRESSIVE;
				GCC_WARN_UNUSED_FUNCTION = YES;
				GCC_WARN_UNUSED_VARIABLE = YES;
				IPHONEOS_DEPLOYMENT_TARGET = 8.0;
				MTL_ENABLE_DEBUG_INFO = NO;
				SDKROOT = iphoneos;
				TARGETED_DEVICE_FAMILY = "1,2";
				VALIDATE_PRODUCT = YES;
			};
			name = Release;
		};
		345E63841C2E1CE400F55F22 /* Debug */ = {
			isa = XCBuildConfiguration;
			buildSettings = {
				ASSETCATALOG_COMPILER_APPICON_NAME = AppIcon;
				INFOPLIST_FILE = MVVMFramework/Info.plist;
				IPHONEOS_DEPLOYMENT_TARGET = 8.0;
				LD_RUNPATH_SEARCH_PATHS = "$(inherited) @executable_path/Frameworks";
				PRODUCT_BUNDLE_IDENTIFIER = hesq.MVVMFramework;
				PRODUCT_NAME = "$(TARGET_NAME)";
			};
			name = Debug;
		};
		345E63851C2E1CE400F55F22 /* Release */ = {
			isa = XCBuildConfiguration;
			buildSettings = {
				ASSETCATALOG_COMPILER_APPICON_NAME = AppIcon;
				INFOPLIST_FILE = MVVMFramework/Info.plist;
				IPHONEOS_DEPLOYMENT_TARGET = 8.0;
				LD_RUNPATH_SEARCH_PATHS = "$(inherited) @executable_path/Frameworks";
				PRODUCT_BUNDLE_IDENTIFIER = hesq.MVVMFramework;
				PRODUCT_NAME = "$(TARGET_NAME)";
			};
			name = Release;
		};
/* End XCBuildConfiguration section */

/* Begin XCConfigurationList section */
		345E63671C2E1CE400F55F22 /* Build configuration list for PBXProject "MVVMFramework" */ = {
			isa = XCConfigurationList;
			buildConfigurations = (
				345E63811C2E1CE400F55F22 /* Debug */,
				345E63821C2E1CE400F55F22 /* Release */,
			);
			defaultConfigurationIsVisible = 0;
			defaultConfigurationName = Release;
		};
		345E63831C2E1CE400F55F22 /* Build configuration list for PBXNativeTarget "MVVMFramework" */ = {
			isa = XCConfigurationList;
			buildConfigurations = (
				345E63841C2E1CE400F55F22 /* Debug */,
				345E63851C2E1CE400F55F22 /* Release */,
			);
			defaultConfigurationIsVisible = 0;
			defaultConfigurationName = Release;
		};
/* End XCConfigurationList section */
	};
	rootObject = 345E63641C2E1CE400F55F22 /* Project object */;
}
