// !$*UTF8*$!
{
	archiveVersion = 1;
	classes = {
	};
	objectVersion = 46;
	objects = {

/* Begin PBXBuildFile section */
		348B3B451C8A8E2000F8569B /* SMKBaseCollectionViewManger.m in Sources */ = {isa = PBXBuildFile; fileRef = 348B3AC91C8A8E2000F8569B /* SMKBaseCollectionViewManger.m */; };
		348B3B461C8A8E2000F8569B /* SMKBaseTableViewManger.m in Sources */ = {isa = PBXBuildFile; fileRef = 348B3ACB1C8A8E2000F8569B /* SMKBaseTableViewManger.m */; };
		348B3B471C8A8E2000F8569B /* SMKBaseViewManger.m in Sources */ = {isa = PBXBuildFile; fileRef = 348B3ACD1C8A8E2000F8569B /* SMKBaseViewManger.m */; };
		348B3B481C8A8E2000F8569B /* SMKBaseViewModel.m in Sources */ = {isa = PBXBuildFile; fileRef = 348B3AD01C8A8E2000F8569B /* SMKBaseViewModel.m */; };
		348B3B491C8A8E2000F8569B /* UICollectionView+CollectionDataDelegateAdditions.m in Sources */ = {isa = PBXBuildFile; fileRef = 348B3AD71C8A8E2000F8569B /* UICollectionView+CollectionDataDelegateAdditions.m */; };
		348B3B4A1C8A8E2000F8569B /* UICollectionViewCell+Extension.m in Sources */ = {isa = PBXBuildFile; fileRef = 348B3AD91C8A8E2000F8569B /* UICollectionViewCell+Extension.m */; };
		348B3B4B1C8A8E2000F8569B /* UITableView+TableDataDelegateAdditions.m in Sources */ = {isa = PBXBuildFile; fileRef = 348B3ADB1C8A8E2000F8569B /* UITableView+TableDataDelegateAdditions.m */; };
		348B3B4C1C8A8E2000F8569B /* UITableViewCell+Extension.m in Sources */ = {isa = PBXBuildFile; fileRef = 348B3ADD1C8A8E2000F8569B /* UITableViewCell+Extension.m */; };
		348B3B4D1C8A8E2000F8569B /* UIView+Configure.m in Sources */ = {isa = PBXBuildFile; fileRef = 348B3ADF1C8A8E2000F8569B /* UIView+Configure.m */; };
		348B3B4E1C8A8E2000F8569B /* UIView+ViewDelegateAdditions.m in Sources */ = {isa = PBXBuildFile; fileRef = 348B3AE11C8A8E2000F8569B /* UIView+ViewDelegateAdditions.m */; };
		348B3B4F1C8A8E2000F8569B /* KVObserver.m in Sources */ = {isa = PBXBuildFile; fileRef = 348B3AEB1C8A8E2000F8569B /* KVObserver.m */; };
		348B3B501C8A8E2000F8569B /* NSArray+SUIAdditions.m in Sources */ = {isa = PBXBuildFile; fileRef = 348B3AF01C8A8E2000F8569B /* NSArray+SUIAdditions.m */; };
		348B3B511C8A8E2000F8569B /* NSArray+SUISafeAccess.m in Sources */ = {isa = PBXBuildFile; fileRef = 348B3AF21C8A8E2000F8569B /* NSArray+SUISafeAccess.m */; };
		348B3B521C8A8E2000F8569B /* NSData+SUIAdditions.m in Sources */ = {isa = PBXBuildFile; fileRef = 348B3AF41C8A8E2000F8569B /* NSData+SUIAdditions.m */; };
		348B3B531C8A8E2000F8569B /* NSDate+SUIAdditions.m in Sources */ = {isa = PBXBuildFile; fileRef = 348B3AF61C8A8E2000F8569B /* NSDate+SUIAdditions.m */; };
		348B3B541C8A8E2000F8569B /* NSDictionary+SUIAdditions.m in Sources */ = {isa = PBXBuildFile; fileRef = 348B3AF81C8A8E2000F8569B /* NSDictionary+SUIAdditions.m */; };
		348B3B551C8A8E2000F8569B /* NSDictionary+SUISafeAccess.m in Sources */ = {isa = PBXBuildFile; fileRef = 348B3AFA1C8A8E2000F8569B /* NSDictionary+SUISafeAccess.m */; };
		348B3B561C8A8E2000F8569B /* NSIndexPath+SUIAdditions.m in Sources */ = {isa = PBXBuildFile; fileRef = 348B3AFC1C8A8E2000F8569B /* NSIndexPath+SUIAdditions.m */; };
		348B3B571C8A8E2000F8569B /* NSNumber+SUIAdditions.m in Sources */ = {isa = PBXBuildFile; fileRef = 348B3AFE1C8A8E2000F8569B /* NSNumber+SUIAdditions.m */; };
		348B3B581C8A8E2000F8569B /* NSObject+SUIAdditions.m in Sources */ = {isa = PBXBuildFile; fileRef = 348B3B001C8A8E2000F8569B /* NSObject+SUIAdditions.m */; };
		348B3B591C8A8E2000F8569B /* NSString+SUIAdditions.m in Sources */ = {isa = PBXBuildFile; fileRef = 348B3B021C8A8E2000F8569B /* NSString+SUIAdditions.m */; };
		348B3B5A1C8A8E2000F8569B /* NSString+SUICrypto.m in Sources */ = {isa = PBXBuildFile; fileRef = 348B3B041C8A8E2000F8569B /* NSString+SUICrypto.m */; };
		348B3B5B1C8A8E2000F8569B /* NSString+SUIRegex.m in Sources */ = {isa = PBXBuildFile; fileRef = 348B3B061C8A8E2000F8569B /* NSString+SUIRegex.m */; };
		348B3B5C1C8A8E2000F8569B /* SUITableHelper.m in Sources */ = {isa = PBXBuildFile; fileRef = 348B3B091C8A8E2000F8569B /* SUITableHelper.m */; };
		348B3B5D1C8A8E2000F8569B /* UITableView+SUIHelper.m in Sources */ = {isa = PBXBuildFile; fileRef = 348B3B0B1C8A8E2000F8569B /* UITableView+SUIHelper.m */; };
		348B3B5E1C8A8E2000F8569B /* UITableViewCell+SUIHelper.m in Sources */ = {isa = PBXBuildFile; fileRef = 348B3B0D1C8A8E2000F8569B /* UITableViewCell+SUIHelper.m */; };
		348B3B5F1C8A8E2000F8569B /* SUITool+Camera.m in Sources */ = {isa = PBXBuildFile; fileRef = 348B3B121C8A8E2000F8569B /* SUITool+Camera.m */; };
		348B3B601C8A8E2000F8569B /* SUITool+Delay.m in Sources */ = {isa = PBXBuildFile; fileRef = 348B3B141C8A8E2000F8569B /* SUITool+Delay.m */; };
		348B3B611C8A8E2000F8569B /* SUITool+FileManager.m in Sources */ = {isa = PBXBuildFile; fileRef = 348B3B161C8A8E2000F8569B /* SUITool+FileManager.m */; };
		348B3B621C8A8E2000F8569B /* SUITool+OpenURL.m in Sources */ = {isa = PBXBuildFile; fileRef = 348B3B181C8A8E2000F8569B /* SUITool+OpenURL.m */; };
		348B3B631C8A8E2000F8569B /* SUITool.m in Sources */ = {isa = PBXBuildFile; fileRef = 348B3B1A1C8A8E2000F8569B /* SUITool.m */; };
		348B3B641C8A8E2000F8569B /* UIButton+SUIAdditions.m in Sources */ = {isa = PBXBuildFile; fileRef = 348B3B1D1C8A8E2000F8569B /* UIButton+SUIAdditions.m */; };
		348B3B651C8A8E2000F8569B /* UIButton+SVVAdditions.m in Sources */ = {isa = PBXBuildFile; fileRef = 348B3B1F1C8A8E2000F8569B /* UIButton+SVVAdditions.m */; };
		348B3B661C8A8E2000F8569B /* UIControl+SUIAdditions.m in Sources */ = {isa = PBXBuildFile; fileRef = 348B3B211C8A8E2000F8569B /* UIControl+SUIAdditions.m */; };
		348B3B671C8A8E2000F8569B /* UIImage+SUIAdditions.m in Sources */ = {isa = PBXBuildFile; fileRef = 348B3B231C8A8E2000F8569B /* UIImage+SUIAdditions.m */; };
		348B3B681C8A8E2000F8569B /* UILabel+SUIAdditions.m in Sources */ = {isa = PBXBuildFile; fileRef = 348B3B251C8A8E2000F8569B /* UILabel+SUIAdditions.m */; };
		348B3B691C8A8E2000F8569B /* UILabel+SVVAdditions.m in Sources */ = {isa = PBXBuildFile; fileRef = 348B3B271C8A8E2000F8569B /* UILabel+SVVAdditions.m */; };
		348B3B6A1C8A8E2000F8569B /* UINavigationController+SUIAdditions.m in Sources */ = {isa = PBXBuildFile; fileRef = 348B3B291C8A8E2000F8569B /* UINavigationController+SUIAdditions.m */; };
		348B3B6B1C8A8E2000F8569B /* UIScrollView+SUIAdditions.m in Sources */ = {isa = PBXBuildFile; fileRef = 348B3B2B1C8A8E2000F8569B /* UIScrollView+SUIAdditions.m */; };
		348B3B6C1C8A8E2000F8569B /* UIStoryboardSegue+SUIAdditions.m in Sources */ = {isa = PBXBuildFile; fileRef = 348B3B2D1C8A8E2000F8569B /* UIStoryboardSegue+SUIAdditions.m */; };
		348B3B6D1C8A8E2000F8569B /* UITableViewCell+SUIAdditions.m in Sources */ = {isa = PBXBuildFile; fileRef = 348B3B2F1C8A8E2000F8569B /* UITableViewCell+SUIAdditions.m */; };
		348B3B6E1C8A8E2000F8569B /* UITextField+SUIAdditions.m in Sources */ = {isa = PBXBuildFile; fileRef = 348B3B311C8A8E2000F8569B /* UITextField+SUIAdditions.m */; };
		348B3B6F1C8A8E2000F8569B /* UITextView+SUIAdditions.m in Sources */ = {isa = PBXBuildFile; fileRef = 348B3B331C8A8E2000F8569B /* UITextView+SUIAdditions.m */; };
		348B3B701C8A8E2000F8569B /* UIView+SUIAdditions.m in Sources */ = {isa = PBXBuildFile; fileRef = 348B3B351C8A8E2000F8569B /* UIView+SUIAdditions.m */; };
		348B3B711C8A8E2000F8569B /* UIView+SVVAdditions.m in Sources */ = {isa = PBXBuildFile; fileRef = 348B3B371C8A8E2000F8569B /* UIView+SVVAdditions.m */; };
		348B3B721C8A8E2000F8569B /* UIViewController+SUIAdditions.m in Sources */ = {isa = PBXBuildFile; fileRef = 348B3B391C8A8E2000F8569B /* UIViewController+SUIAdditions.m */; };
		348B3B731C8A8E2000F8569B /* UIViewController+SVVAdditions.m in Sources */ = {isa = PBXBuildFile; fileRef = 348B3B3B1C8A8E2000F8569B /* UIViewController+SVVAdditions.m */; };
		348B3B741C8A8E2000F8569B /* UITableView+FDIndexPathHeightCache.m in Sources */ = {isa = PBXBuildFile; fileRef = 348B3B3E1C8A8E2000F8569B /* UITableView+FDIndexPathHeightCache.m */; };
		348B3B751C8A8E2000F8569B /* UITableView+FDKeyedHeightCache.m in Sources */ = {isa = PBXBuildFile; fileRef = 348B3B401C8A8E2000F8569B /* UITableView+FDKeyedHeightCache.m */; };
		348B3B761C8A8E2000F8569B /* UITableView+FDTemplateLayoutCell.m in Sources */ = {isa = PBXBuildFile; fileRef = 348B3B421C8A8E2000F8569B /* UITableView+FDTemplateLayoutCell.m */; };
		348B3B771C8A8E2000F8569B /* UITableView+FDTemplateLayoutCellDebug.m in Sources */ = {isa = PBXBuildFile; fileRef = 348B3B441C8A8E2000F8569B /* UITableView+FDTemplateLayoutCellDebug.m */; };
		34F72EED1C8BF4380033ED03 /* BHNavViewController.m in Sources */ = {isa = PBXBuildFile; fileRef = 34F72E8D1C8BF4380033ED03 /* BHNavViewController.m */; };
		34F72EEE1C8BF4380033ED03 /* AppDelegate.m in Sources */ = {isa = PBXBuildFile; fileRef = 34F72E941C8BF4380033ED03 /* AppDelegate.m */; };
		34F72EEF1C8BF4380033ED03 /* main.m in Sources */ = {isa = PBXBuildFile; fileRef = 34F72E951C8BF4380033ED03 /* main.m */; };
		34F72EF01C8BF4380033ED03 /* FirstVC.m in Sources */ = {isa = PBXBuildFile; fileRef = 34F72E9E1C8BF4380033ED03 /* FirstVC.m */; };
		34F72EF11C8BF4380033ED03 /* TestViewDelegate.m in Sources */ = {isa = PBXBuildFile; fileRef = 34F72EA01C8BF4380033ED03 /* TestViewDelegate.m */; };
		34F72EF21C8BF4380033ED03 /* FirstModel.m in Sources */ = {isa = PBXBuildFile; fileRef = 34F72EA31C8BF4380033ED03 /* FirstModel.m */; };
		34F72EF31C8BF4380033ED03 /* BQCell.m in Sources */ = {isa = PBXBuildFile; fileRef = 34F72EA61C8BF4380033ED03 /* BQCell.m */; };
		34F72EF41C8BF4380033ED03 /* BQCell.xib in Resources */ = {isa = PBXBuildFile; fileRef = 34F72EA71C8BF4380033ED03 /* BQCell.xib */; };
		34F72EF51C8BF4380033ED03 /* BQGetDataList.m in Sources */ = {isa = PBXBuildFile; fileRef = 34F72EAA1C8BF4380033ED03 /* BQGetDataList.m */; };
		34F72EF61C8BF4380033ED03 /* BQViewModel.m in Sources */ = {isa = PBXBuildFile; fileRef = 34F72EAC1C8BF4380033ED03 /* BQViewModel.m */; };
		34F72EF71C8BF4380033ED03 /* FourthVC.m in Sources */ = {isa = PBXBuildFile; fileRef = 34F72EB01C8BF4380033ED03 /* FourthVC.m */; };
		34F72EF81C8BF4380033ED03 /* FourthModel.m in Sources */ = {isa = PBXBuildFile; fileRef = 34F72EB31C8BF4380033ED03 /* FourthModel.m */; };
		34F72EF91C8BF4380033ED03 /* FourthView.m in Sources */ = {isa = PBXBuildFile; fileRef = 34F72EB71C8BF4380033ED03 /* FourthView.m */; };
		34F72EFA1C8BF4380033ED03 /* FourthView.xib in Resources */ = {isa = PBXBuildFile; fileRef = 34F72EB81C8BF4380033ED03 /* FourthView.xib */; };
		34F72EFB1C8BF4380033ED03 /* FourthView2.m in Sources */ = {isa = PBXBuildFile; fileRef = 34F72EBB1C8BF4380033ED03 /* FourthView2.m */; };
		34F72EFC1C8BF4380033ED03 /* FourthView2.xib in Resources */ = {isa = PBXBuildFile; fileRef = 34F72EBC1C8BF4380033ED03 /* FourthView2.xib */; };
		34F72EFD1C8BF4380033ED03 /* FourthViewManger.m in Sources */ = {isa = PBXBuildFile; fileRef = 34F72EC01C8BF4380033ED03 /* FourthViewManger.m */; };
		34F72EFE1C8BF4380033ED03 /* FourthViewManger2.m in Sources */ = {isa = PBXBuildFile; fileRef = 34F72EC31C8BF4380033ED03 /* FourthViewManger2.m */; };
		34F72EFF1C8BF4380033ED03 /* FourthViewModel.m in Sources */ = {isa = PBXBuildFile; fileRef = 34F72EC61C8BF4380033ED03 /* FourthViewModel.m */; };
		34F72F001C8BF4380033ED03 /* SecondVC.m in Sources */ = {isa = PBXBuildFile; fileRef = 34F72ECA1C8BF4380033ED03 /* SecondVC.m */; };
		34F72F011C8BF4380033ED03 /* BQTestModel.m in Sources */ = {isa = PBXBuildFile; fileRef = 34F72ECD1C8BF4380033ED03 /* BQTestModel.m */; };
		34F72F021C8BF4380033ED03 /* BQCollectionCell.m in Sources */ = {isa = PBXBuildFile; fileRef = 34F72ED01C8BF4380033ED03 /* BQCollectionCell.m */; };
		34F72F031C8BF4380033ED03 /* BQCollectionCell.xib in Resources */ = {isa = PBXBuildFile; fileRef = 34F72ED11C8BF4380033ED03 /* BQCollectionCell.xib */; };
		34F72F041C8BF4380033ED03 /* BQGetDataList2.m in Sources */ = {isa = PBXBuildFile; fileRef = 34F72ED41C8BF4380033ED03 /* BQGetDataList2.m */; };
		34F72F051C8BF4380033ED03 /* BQViewModel2.m in Sources */ = {isa = PBXBuildFile; fileRef = 34F72ED61C8BF4380033ED03 /* BQViewModel2.m */; };
		34F72F061C8BF4380033ED03 /* ThirdVC.m in Sources */ = {isa = PBXBuildFile; fileRef = 34F72EDA1C8BF4380033ED03 /* ThirdVC.m */; };
		34F72F071C8BF4380033ED03 /* ThirdModel.m in Sources */ = {isa = PBXBuildFile; fileRef = 34F72EDD1C8BF4380033ED03 /* ThirdModel.m */; };
		34F72F081C8BF4380033ED03 /* ThirdView.m in Sources */ = {isa = PBXBuildFile; fileRef = 34F72EE01C8BF4380033ED03 /* ThirdView.m */; };
		34F72F091C8BF4380033ED03 /* ThirdView.xib in Resources */ = {isa = PBXBuildFile; fileRef = 34F72EE11C8BF4380033ED03 /* ThirdView.xib */; };
		34F72F0A1C8BF4380033ED03 /* ThirdViewManger.m in Sources */ = {isa = PBXBuildFile; fileRef = 34F72EE41C8BF4380033ED03 /* ThirdViewManger.m */; };
		34F72F0B1C8BF4380033ED03 /* ThirdViewModel.m in Sources */ = {isa = PBXBuildFile; fileRef = 34F72EE71C8BF4380033ED03 /* ThirdViewModel.m */; };
		34F72F0C1C8BF4380033ED03 /* Foundation+Log.m in Sources */ = {isa = PBXBuildFile; fileRef = 34F72EE91C8BF4380033ED03 /* Foundation+Log.m */; };
		3F5068AA9D3A497EF0300DF0 /* libPods.a in Frameworks */ = {isa = PBXBuildFile; fileRef = AFCB3BD65C3660279BC80592 /* libPods.a */; };
		6DB1184F1C7800BD00678885 /* Main.storyboard in Resources */ = {isa = PBXBuildFile; fileRef = 6DB1184D1C7800BD00678885 /* Main.storyboard */; };
		6DB118511C7800BD00678885 /* Assets.xcassets in Resources */ = {isa = PBXBuildFile; fileRef = 6DB118501C7800BD00678885 /* Assets.xcassets */; };
		6DB118541C7800BD00678885 /* LaunchScreen.storyboard in Resources */ = {isa = PBXBuildFile; fileRef = 6DB118521C7800BD00678885 /* LaunchScreen.storyboard */; };
/* End PBXBuildFile section */

/* Begin PBXFileReference section */
		344113281C7AD7FE001FEAE6 /* PrefixHeader.pch */ = {isa = PBXFileReference; fileEncoding = 4; lastKnownFileType = sourcecode.c.h; path = PrefixHeader.pch; sourceTree = "<group>"; };
		348B3AC81C8A8E2000F8569B /* SMKBaseCollectionViewManger.h */ = {isa = PBXFileReference; fileEncoding = 4; lastKnownFileType = sourcecode.c.h; path = SMKBaseCollectionViewManger.h; sourceTree = "<group>"; };
		348B3AC91C8A8E2000F8569B /* SMKBaseCollectionViewManger.m */ = {isa = PBXFileReference; fileEncoding = 4; lastKnownFileType = sourcecode.c.objc; path = SMKBaseCollectionViewManger.m; sourceTree = "<group>"; };
		348B3ACA1C8A8E2000F8569B /* SMKBaseTableViewManger.h */ = {isa = PBXFileReference; fileEncoding = 4; lastKnownFileType = sourcecode.c.h; path = SMKBaseTableViewManger.h; sourceTree = "<group>"; };
		348B3ACB1C8A8E2000F8569B /* SMKBaseTableViewManger.m */ = {isa = PBXFileReference; fileEncoding = 4; lastKnownFileType = sourcecode.c.objc; path = SMKBaseTableViewManger.m; sourceTree = "<group>"; };
		348B3ACC1C8A8E2000F8569B /* SMKBaseViewManger.h */ = {isa = PBXFileReference; fileEncoding = 4; lastKnownFileType = sourcecode.c.h; path = SMKBaseViewManger.h; sourceTree = "<group>"; };
		348B3ACD1C8A8E2000F8569B /* SMKBaseViewManger.m */ = {isa = PBXFileReference; fileEncoding = 4; lastKnownFileType = sourcecode.c.objc; path = SMKBaseViewManger.m; sourceTree = "<group>"; };
		348B3ACF1C8A8E2000F8569B /* SMKBaseViewModel.h */ = {isa = PBXFileReference; fileEncoding = 4; lastKnownFileType = sourcecode.c.h; path = SMKBaseViewModel.h; sourceTree = "<group>"; };
		348B3AD01C8A8E2000F8569B /* SMKBaseViewModel.m */ = {isa = PBXFileReference; fileEncoding = 4; lastKnownFileType = sourcecode.c.objc; path = SMKBaseViewModel.m; sourceTree = "<group>"; };
		348B3AD21C8A8E2000F8569B /* SMKConstant.h */ = {isa = PBXFileReference; fileEncoding = 4; lastKnownFileType = sourcecode.c.h; path = SMKConstant.h; sourceTree = "<group>"; };
		348B3AD31C8A8E2000F8569B /* SMKSingleton.h */ = {isa = PBXFileReference; fileEncoding = 4; lastKnownFileType = sourcecode.c.h; path = SMKSingleton.h; sourceTree = "<group>"; };
		348B3AD51C8A8E2000F8569B /* SMKExtendPublic.h */ = {isa = PBXFileReference; fileEncoding = 4; lastKnownFileType = sourcecode.c.h; path = SMKExtendPublic.h; sourceTree = "<group>"; };
		348B3AD61C8A8E2000F8569B /* UICollectionView+CollectionDataDelegateAdditions.h */ = {isa = PBXFileReference; fileEncoding = 4; lastKnownFileType = sourcecode.c.h; path = "UICollectionView+CollectionDataDelegateAdditions.h"; sourceTree = "<group>"; };
		348B3AD71C8A8E2000F8569B /* UICollectionView+CollectionDataDelegateAdditions.m */ = {isa = PBXFileReference; fileEncoding = 4; lastKnownFileType = sourcecode.c.objc; path = "UICollectionView+CollectionDataDelegateAdditions.m"; sourceTree = "<group>"; };
		348B3AD81C8A8E2000F8569B /* UICollectionViewCell+Extension.h */ = {isa = PBXFileReference; fileEncoding = 4; lastKnownFileType = sourcecode.c.h; path = "UICollectionViewCell+Extension.h"; sourceTree = "<group>"; };
		348B3AD91C8A8E2000F8569B /* UICollectionViewCell+Extension.m */ = {isa = PBXFileReference; fileEncoding = 4; lastKnownFileType = sourcecode.c.objc; path = "UICollectionViewCell+Extension.m"; sourceTree = "<group>"; };
		348B3ADA1C8A8E2000F8569B /* UITableView+TableDataDelegateAdditions.h */ = {isa = PBXFileReference; fileEncoding = 4; lastKnownFileType = sourcecode.c.h; path = "UITableView+TableDataDelegateAdditions.h"; sourceTree = "<group>"; };
		348B3ADB1C8A8E2000F8569B /* UITableView+TableDataDelegateAdditions.m */ = {isa = PBXFileReference; fileEncoding = 4; lastKnownFileType = sourcecode.c.objc; path = "UITableView+TableDataDelegateAdditions.m"; sourceTree = "<group>"; };
		348B3ADC1C8A8E2000F8569B /* UITableViewCell+Extension.h */ = {isa = PBXFileReference; fileEncoding = 4; lastKnownFileType = sourcecode.c.h; path = "UITableViewCell+Extension.h"; sourceTree = "<group>"; };
		348B3ADD1C8A8E2000F8569B /* UITableViewCell+Extension.m */ = {isa = PBXFileReference; fileEncoding = 4; lastKnownFileType = sourcecode.c.objc; path = "UITableViewCell+Extension.m"; sourceTree = "<group>"; };
		348B3ADE1C8A8E2000F8569B /* UIView+Configure.h */ = {isa = PBXFileReference; fileEncoding = 4; lastKnownFileType = sourcecode.c.h; path = "UIView+Configure.h"; sourceTree = "<group>"; };
		348B3ADF1C8A8E2000F8569B /* UIView+Configure.m */ = {isa = PBXFileReference; fileEncoding = 4; lastKnownFileType = sourcecode.c.objc; path = "UIView+Configure.m"; sourceTree = "<group>"; };
		348B3AE01C8A8E2000F8569B /* UIView+ViewDelegateAdditions.h */ = {isa = PBXFileReference; fileEncoding = 4; lastKnownFileType = sourcecode.c.h; path = "UIView+ViewDelegateAdditions.h"; sourceTree = "<group>"; };
		348B3AE11C8A8E2000F8569B /* UIView+ViewDelegateAdditions.m */ = {isa = PBXFileReference; fileEncoding = 4; lastKnownFileType = sourcecode.c.objc; path = "UIView+ViewDelegateAdditions.m"; sourceTree = "<group>"; };
		348B3AE41C8A8E2000F8569B /* SMKViewMangerProtocolDelegate.h */ = {isa = PBXFileReference; fileEncoding = 4; lastKnownFileType = sourcecode.c.h; path = SMKViewMangerProtocolDelegate.h; sourceTree = "<group>"; };
		348B3AE51C8A8E2000F8569B /* SMKViewModelProtocolDelegate.h */ = {isa = PBXFileReference; fileEncoding = 4; lastKnownFileType = sourcecode.c.h; path = SMKViewModelProtocolDelegate.h; sourceTree = "<group>"; };
		348B3AE61C8A8E2000F8569B /* SMKViewProtocolDelegate.h */ = {isa = PBXFileReference; fileEncoding = 4; lastKnownFileType = sourcecode.c.h; path = SMKViewProtocolDelegate.h; sourceTree = "<group>"; };
		348B3AE71C8A8E2000F8569B /* SUIMVVMKit.h */ = {isa = PBXFileReference; fileEncoding = 4; lastKnownFileType = sourcecode.c.h; path = SUIMVVMKit.h; sourceTree = "<group>"; };
		348B3AEA1C8A8E2000F8569B /* KVObserver.h */ = {isa = PBXFileReference; fileEncoding = 4; lastKnownFileType = sourcecode.c.h; path = KVObserver.h; sourceTree = "<group>"; };
		348B3AEB1C8A8E2000F8569B /* KVObserver.m */ = {isa = PBXFileReference; fileEncoding = 4; lastKnownFileType = sourcecode.c.objc; path = KVObserver.m; sourceTree = "<group>"; };
		348B3AEC1C8A8E2000F8569B /* PMKVObserver.h */ = {isa = PBXFileReference; fileEncoding = 4; lastKnownFileType = sourcecode.c.h; path = PMKVObserver.h; sourceTree = "<group>"; };
		348B3AEF1C8A8E2000F8569B /* NSArray+SUIAdditions.h */ = {isa = PBXFileReference; fileEncoding = 4; lastKnownFileType = sourcecode.c.h; path = "NSArray+SUIAdditions.h"; sourceTree = "<group>"; };
		348B3AF01C8A8E2000F8569B /* NSArray+SUIAdditions.m */ = {isa = PBXFileReference; fileEncoding = 4; lastKnownFileType = sourcecode.c.objc; path = "NSArray+SUIAdditions.m"; sourceTree = "<group>"; };
		348B3AF11C8A8E2000F8569B /* NSArray+SUISafeAccess.h */ = {isa = PBXFileReference; fileEncoding = 4; lastKnownFileType = sourcecode.c.h; path = "NSArray+SUISafeAccess.h"; sourceTree = "<group>"; };
		348B3AF21C8A8E2000F8569B /* NSArray+SUISafeAccess.m */ = {isa = PBXFileReference; fileEncoding = 4; lastKnownFileType = sourcecode.c.objc; path = "NSArray+SUISafeAccess.m"; sourceTree = "<group>"; };
		348B3AF31C8A8E2000F8569B /* NSData+SUIAdditions.h */ = {isa = PBXFileReference; fileEncoding = 4; lastKnownFileType = sourcecode.c.h; path = "NSData+SUIAdditions.h"; sourceTree = "<group>"; };
		348B3AF41C8A8E2000F8569B /* NSData+SUIAdditions.m */ = {isa = PBXFileReference; fileEncoding = 4; lastKnownFileType = sourcecode.c.objc; path = "NSData+SUIAdditions.m"; sourceTree = "<group>"; };
		348B3AF51C8A8E2000F8569B /* NSDate+SUIAdditions.h */ = {isa = PBXFileReference; fileEncoding = 4; lastKnownFileType = sourcecode.c.h; path = "NSDate+SUIAdditions.h"; sourceTree = "<group>"; };
		348B3AF61C8A8E2000F8569B /* NSDate+SUIAdditions.m */ = {isa = PBXFileReference; fileEncoding = 4; lastKnownFileType = sourcecode.c.objc; path = "NSDate+SUIAdditions.m"; sourceTree = "<group>"; };
		348B3AF71C8A8E2000F8569B /* NSDictionary+SUIAdditions.h */ = {isa = PBXFileReference; fileEncoding = 4; lastKnownFileType = sourcecode.c.h; path = "NSDictionary+SUIAdditions.h"; sourceTree = "<group>"; };
		348B3AF81C8A8E2000F8569B /* NSDictionary+SUIAdditions.m */ = {isa = PBXFileReference; fileEncoding = 4; lastKnownFileType = sourcecode.c.objc; path = "NSDictionary+SUIAdditions.m"; sourceTree = "<group>"; };
		348B3AF91C8A8E2000F8569B /* NSDictionary+SUISafeAccess.h */ = {isa = PBXFileReference; fileEncoding = 4; lastKnownFileType = sourcecode.c.h; path = "NSDictionary+SUISafeAccess.h"; sourceTree = "<group>"; };
		348B3AFA1C8A8E2000F8569B /* NSDictionary+SUISafeAccess.m */ = {isa = PBXFileReference; fileEncoding = 4; lastKnownFileType = sourcecode.c.objc; path = "NSDictionary+SUISafeAccess.m"; sourceTree = "<group>"; };
		348B3AFB1C8A8E2000F8569B /* NSIndexPath+SUIAdditions.h */ = {isa = PBXFileReference; fileEncoding = 4; lastKnownFileType = sourcecode.c.h; path = "NSIndexPath+SUIAdditions.h"; sourceTree = "<group>"; };
		348B3AFC1C8A8E2000F8569B /* NSIndexPath+SUIAdditions.m */ = {isa = PBXFileReference; fileEncoding = 4; lastKnownFileType = sourcecode.c.objc; path = "NSIndexPath+SUIAdditions.m"; sourceTree = "<group>"; };
		348B3AFD1C8A8E2000F8569B /* NSNumber+SUIAdditions.h */ = {isa = PBXFileReference; fileEncoding = 4; lastKnownFileType = sourcecode.c.h; path = "NSNumber+SUIAdditions.h"; sourceTree = "<group>"; };
		348B3AFE1C8A8E2000F8569B /* NSNumber+SUIAdditions.m */ = {isa = PBXFileReference; fileEncoding = 4; lastKnownFileType = sourcecode.c.objc; path = "NSNumber+SUIAdditions.m"; sourceTree = "<group>"; };
		348B3AFF1C8A8E2000F8569B /* NSObject+SUIAdditions.h */ = {isa = PBXFileReference; fileEncoding = 4; lastKnownFileType = sourcecode.c.h; path = "NSObject+SUIAdditions.h"; sourceTree = "<group>"; };
		348B3B001C8A8E2000F8569B /* NSObject+SUIAdditions.m */ = {isa = PBXFileReference; fileEncoding = 4; lastKnownFileType = sourcecode.c.objc; path = "NSObject+SUIAdditions.m"; sourceTree = "<group>"; };
		348B3B011C8A8E2000F8569B /* NSString+SUIAdditions.h */ = {isa = PBXFileReference; fileEncoding = 4; lastKnownFileType = sourcecode.c.h; path = "NSString+SUIAdditions.h"; sourceTree = "<group>"; };
		348B3B021C8A8E2000F8569B /* NSString+SUIAdditions.m */ = {isa = PBXFileReference; fileEncoding = 4; lastKnownFileType = sourcecode.c.objc; path = "NSString+SUIAdditions.m"; sourceTree = "<group>"; };
		348B3B031C8A8E2000F8569B /* NSString+SUICrypto.h */ = {isa = PBXFileReference; fileEncoding = 4; lastKnownFileType = sourcecode.c.h; path = "NSString+SUICrypto.h"; sourceTree = "<group>"; };
		348B3B041C8A8E2000F8569B /* NSString+SUICrypto.m */ = {isa = PBXFileReference; fileEncoding = 4; lastKnownFileType = sourcecode.c.objc; path = "NSString+SUICrypto.m"; sourceTree = "<group>"; };
		348B3B051C8A8E2000F8569B /* NSString+SUIRegex.h */ = {isa = PBXFileReference; fileEncoding = 4; lastKnownFileType = sourcecode.c.h; path = "NSString+SUIRegex.h"; sourceTree = "<group>"; };
		348B3B061C8A8E2000F8569B /* NSString+SUIRegex.m */ = {isa = PBXFileReference; fileEncoding = 4; lastKnownFileType = sourcecode.c.objc; path = "NSString+SUIRegex.m"; sourceTree = "<group>"; };
		348B3B081C8A8E2000F8569B /* SUITableHelper.h */ = {isa = PBXFileReference; fileEncoding = 4; lastKnownFileType = sourcecode.c.h; path = SUITableHelper.h; sourceTree = "<group>"; };
		348B3B091C8A8E2000F8569B /* SUITableHelper.m */ = {isa = PBXFileReference; fileEncoding = 4; lastKnownFileType = sourcecode.c.objc; path = SUITableHelper.m; sourceTree = "<group>"; };
		348B3B0A1C8A8E2000F8569B /* UITableView+SUIHelper.h */ = {isa = PBXFileReference; fileEncoding = 4; lastKnownFileType = sourcecode.c.h; path = "UITableView+SUIHelper.h"; sourceTree = "<group>"; };
		348B3B0B1C8A8E2000F8569B /* UITableView+SUIHelper.m */ = {isa = PBXFileReference; fileEncoding = 4; lastKnownFileType = sourcecode.c.objc; path = "UITableView+SUIHelper.m"; sourceTree = "<group>"; };
		348B3B0C1C8A8E2000F8569B /* UITableViewCell+SUIHelper.h */ = {isa = PBXFileReference; fileEncoding = 4; lastKnownFileType = sourcecode.c.h; path = "UITableViewCell+SUIHelper.h"; sourceTree = "<group>"; };
		348B3B0D1C8A8E2000F8569B /* UITableViewCell+SUIHelper.m */ = {isa = PBXFileReference; fileEncoding = 4; lastKnownFileType = sourcecode.c.objc; path = "UITableViewCell+SUIHelper.m"; sourceTree = "<group>"; };
		348B3B0E1C8A8E2000F8569B /* SUIUtils.h */ = {isa = PBXFileReference; fileEncoding = 4; lastKnownFileType = sourcecode.c.h; path = SUIUtils.h; sourceTree = "<group>"; };
		348B3B101C8A8E2000F8569B /* SUIMacro.h */ = {isa = PBXFileReference; fileEncoding = 4; lastKnownFileType = sourcecode.c.h; path = SUIMacro.h; sourceTree = "<group>"; };
		348B3B111C8A8E2000F8569B /* SUITool+Camera.h */ = {isa = PBXFileReference; fileEncoding = 4; lastKnownFileType = sourcecode.c.h; path = "SUITool+Camera.h"; sourceTree = "<group>"; };
		348B3B121C8A8E2000F8569B /* SUITool+Camera.m */ = {isa = PBXFileReference; fileEncoding = 4; lastKnownFileType = sourcecode.c.objc; path = "SUITool+Camera.m"; sourceTree = "<group>"; };
		348B3B131C8A8E2000F8569B /* SUITool+Delay.h */ = {isa = PBXFileReference; fileEncoding = 4; lastKnownFileType = sourcecode.c.h; path = "SUITool+Delay.h"; sourceTree = "<group>"; };
		348B3B141C8A8E2000F8569B /* SUITool+Delay.m */ = {isa = PBXFileReference; fileEncoding = 4; lastKnownFileType = sourcecode.c.objc; path = "SUITool+Delay.m"; sourceTree = "<group>"; };
		348B3B151C8A8E2000F8569B /* SUITool+FileManager.h */ = {isa = PBXFileReference; fileEncoding = 4; lastKnownFileType = sourcecode.c.h; path = "SUITool+FileManager.h"; sourceTree = "<group>"; };
		348B3B161C8A8E2000F8569B /* SUITool+FileManager.m */ = {isa = PBXFileReference; fileEncoding = 4; lastKnownFileType = sourcecode.c.objc; path = "SUITool+FileManager.m"; sourceTree = "<group>"; };
		348B3B171C8A8E2000F8569B /* SUITool+OpenURL.h */ = {isa = PBXFileReference; fileEncoding = 4; lastKnownFileType = sourcecode.c.h; path = "SUITool+OpenURL.h"; sourceTree = "<group>"; };
		348B3B181C8A8E2000F8569B /* SUITool+OpenURL.m */ = {isa = PBXFileReference; fileEncoding = 4; lastKnownFileType = sourcecode.c.objc; path = "SUITool+OpenURL.m"; sourceTree = "<group>"; };
		348B3B191C8A8E2000F8569B /* SUITool.h */ = {isa = PBXFileReference; fileEncoding = 4; lastKnownFileType = sourcecode.c.h; path = SUITool.h; sourceTree = "<group>"; };
		348B3B1A1C8A8E2000F8569B /* SUITool.m */ = {isa = PBXFileReference; fileEncoding = 4; lastKnownFileType = sourcecode.c.objc; path = SUITool.m; sourceTree = "<group>"; };
		348B3B1C1C8A8E2000F8569B /* UIButton+SUIAdditions.h */ = {isa = PBXFileReference; fileEncoding = 4; lastKnownFileType = sourcecode.c.h; path = "UIButton+SUIAdditions.h"; sourceTree = "<group>"; };
		348B3B1D1C8A8E2000F8569B /* UIButton+SUIAdditions.m */ = {isa = PBXFileReference; fileEncoding = 4; lastKnownFileType = sourcecode.c.objc; path = "UIButton+SUIAdditions.m"; sourceTree = "<group>"; };
		348B3B1E1C8A8E2000F8569B /* UIButton+SVVAdditions.h */ = {isa = PBXFileReference; fileEncoding = 4; lastKnownFileType = sourcecode.c.h; path = "UIButton+SVVAdditions.h"; sourceTree = "<group>"; };
		348B3B1F1C8A8E2000F8569B /* UIButton+SVVAdditions.m */ = {isa = PBXFileReference; fileEncoding = 4; lastKnownFileType = sourcecode.c.objc; path = "UIButton+SVVAdditions.m"; sourceTree = "<group>"; };
		348B3B201C8A8E2000F8569B /* UIControl+SUIAdditions.h */ = {isa = PBXFileReference; fileEncoding = 4; lastKnownFileType = sourcecode.c.h; path = "UIControl+SUIAdditions.h"; sourceTree = "<group>"; };
		348B3B211C8A8E2000F8569B /* UIControl+SUIAdditions.m */ = {isa = PBXFileReference; fileEncoding = 4; lastKnownFileType = sourcecode.c.objc; path = "UIControl+SUIAdditions.m"; sourceTree = "<group>"; };
		348B3B221C8A8E2000F8569B /* UIImage+SUIAdditions.h */ = {isa = PBXFileReference; fileEncoding = 4; lastKnownFileType = sourcecode.c.h; path = "UIImage+SUIAdditions.h"; sourceTree = "<group>"; };
		348B3B231C8A8E2000F8569B /* UIImage+SUIAdditions.m */ = {isa = PBXFileReference; fileEncoding = 4; lastKnownFileType = sourcecode.c.objc; path = "UIImage+SUIAdditions.m"; sourceTree = "<group>"; };
		348B3B241C8A8E2000F8569B /* UILabel+SUIAdditions.h */ = {isa = PBXFileReference; fileEncoding = 4; lastKnownFileType = sourcecode.c.h; path = "UILabel+SUIAdditions.h"; sourceTree = "<group>"; };
		348B3B251C8A8E2000F8569B /* UILabel+SUIAdditions.m */ = {isa = PBXFileReference; fileEncoding = 4; lastKnownFileType = sourcecode.c.objc; path = "UILabel+SUIAdditions.m"; sourceTree = "<group>"; };
		348B3B261C8A8E2000F8569B /* UILabel+SVVAdditions.h */ = {isa = PBXFileReference; fileEncoding = 4; lastKnownFileType = sourcecode.c.h; path = "UILabel+SVVAdditions.h"; sourceTree = "<group>"; };
		348B3B271C8A8E2000F8569B /* UILabel+SVVAdditions.m */ = {isa = PBXFileReference; fileEncoding = 4; lastKnownFileType = sourcecode.c.objc; path = "UILabel+SVVAdditions.m"; sourceTree = "<group>"; };
		348B3B281C8A8E2000F8569B /* UINavigationController+SUIAdditions.h */ = {isa = PBXFileReference; fileEncoding = 4; lastKnownFileType = sourcecode.c.h; path = "UINavigationController+SUIAdditions.h"; sourceTree = "<group>"; };
		348B3B291C8A8E2000F8569B /* UINavigationController+SUIAdditions.m */ = {isa = PBXFileReference; fileEncoding = 4; lastKnownFileType = sourcecode.c.objc; path = "UINavigationController+SUIAdditions.m"; sourceTree = "<group>"; };
		348B3B2A1C8A8E2000F8569B /* UIScrollView+SUIAdditions.h */ = {isa = PBXFileReference; fileEncoding = 4; lastKnownFileType = sourcecode.c.h; path = "UIScrollView+SUIAdditions.h"; sourceTree = "<group>"; };
		348B3B2B1C8A8E2000F8569B /* UIScrollView+SUIAdditions.m */ = {isa = PBXFileReference; fileEncoding = 4; lastKnownFileType = sourcecode.c.objc; path = "UIScrollView+SUIAdditions.m"; sourceTree = "<group>"; };
		348B3B2C1C8A8E2000F8569B /* UIStoryboardSegue+SUIAdditions.h */ = {isa = PBXFileReference; fileEncoding = 4; lastKnownFileType = sourcecode.c.h; path = "UIStoryboardSegue+SUIAdditions.h"; sourceTree = "<group>"; };
		348B3B2D1C8A8E2000F8569B /* UIStoryboardSegue+SUIAdditions.m */ = {isa = PBXFileReference; fileEncoding = 4; lastKnownFileType = sourcecode.c.objc; path = "UIStoryboardSegue+SUIAdditions.m"; sourceTree = "<group>"; };
		348B3B2E1C8A8E2000F8569B /* UITableViewCell+SUIAdditions.h */ = {isa = PBXFileReference; fileEncoding = 4; lastKnownFileType = sourcecode.c.h; path = "UITableViewCell+SUIAdditions.h"; sourceTree = "<group>"; };
		348B3B2F1C8A8E2000F8569B /* UITableViewCell+SUIAdditions.m */ = {isa = PBXFileReference; fileEncoding = 4; lastKnownFileType = sourcecode.c.objc; path = "UITableViewCell+SUIAdditions.m"; sourceTree = "<group>"; };
		348B3B301C8A8E2000F8569B /* UITextField+SUIAdditions.h */ = {isa = PBXFileReference; fileEncoding = 4; lastKnownFileType = sourcecode.c.h; path = "UITextField+SUIAdditions.h"; sourceTree = "<group>"; };
		348B3B311C8A8E2000F8569B /* UITextField+SUIAdditions.m */ = {isa = PBXFileReference; fileEncoding = 4; lastKnownFileType = sourcecode.c.objc; path = "UITextField+SUIAdditions.m"; sourceTree = "<group>"; };
		348B3B321C8A8E2000F8569B /* UITextView+SUIAdditions.h */ = {isa = PBXFileReference; fileEncoding = 4; lastKnownFileType = sourcecode.c.h; path = "UITextView+SUIAdditions.h"; sourceTree = "<group>"; };
		348B3B331C8A8E2000F8569B /* UITextView+SUIAdditions.m */ = {isa = PBXFileReference; fileEncoding = 4; lastKnownFileType = sourcecode.c.objc; path = "UITextView+SUIAdditions.m"; sourceTree = "<group>"; };
		348B3B341C8A8E2000F8569B /* UIView+SUIAdditions.h */ = {isa = PBXFileReference; fileEncoding = 4; lastKnownFileType = sourcecode.c.h; path = "UIView+SUIAdditions.h"; sourceTree = "<group>"; };
		348B3B351C8A8E2000F8569B /* UIView+SUIAdditions.m */ = {isa = PBXFileReference; fileEncoding = 4; lastKnownFileType = sourcecode.c.objc; path = "UIView+SUIAdditions.m"; sourceTree = "<group>"; };
		348B3B361C8A8E2000F8569B /* UIView+SVVAdditions.h */ = {isa = PBXFileReference; fileEncoding = 4; lastKnownFileType = sourcecode.c.h; path = "UIView+SVVAdditions.h"; sourceTree = "<group>"; };
		348B3B371C8A8E2000F8569B /* UIView+SVVAdditions.m */ = {isa = PBXFileReference; fileEncoding = 4; lastKnownFileType = sourcecode.c.objc; path = "UIView+SVVAdditions.m"; sourceTree = "<group>"; };
		348B3B381C8A8E2000F8569B /* UIViewController+SUIAdditions.h */ = {isa = PBXFileReference; fileEncoding = 4; lastKnownFileType = sourcecode.c.h; path = "UIViewController+SUIAdditions.h"; sourceTree = "<group>"; };
		348B3B391C8A8E2000F8569B /* UIViewController+SUIAdditions.m */ = {isa = PBXFileReference; fileEncoding = 4; lastKnownFileType = sourcecode.c.objc; path = "UIViewController+SUIAdditions.m"; sourceTree = "<group>"; };
		348B3B3A1C8A8E2000F8569B /* UIViewController+SVVAdditions.h */ = {isa = PBXFileReference; fileEncoding = 4; lastKnownFileType = sourcecode.c.h; path = "UIViewController+SVVAdditions.h"; sourceTree = "<group>"; };
		348B3B3B1C8A8E2000F8569B /* UIViewController+SVVAdditions.m */ = {isa = PBXFileReference; fileEncoding = 4; lastKnownFileType = sourcecode.c.objc; path = "UIViewController+SVVAdditions.m"; sourceTree = "<group>"; };
		348B3B3D1C8A8E2000F8569B /* UITableView+FDIndexPathHeightCache.h */ = {isa = PBXFileReference; fileEncoding = 4; lastKnownFileType = sourcecode.c.h; path = "UITableView+FDIndexPathHeightCache.h"; sourceTree = "<group>"; };
		348B3B3E1C8A8E2000F8569B /* UITableView+FDIndexPathHeightCache.m */ = {isa = PBXFileReference; fileEncoding = 4; lastKnownFileType = sourcecode.c.objc; path = "UITableView+FDIndexPathHeightCache.m"; sourceTree = "<group>"; };
		348B3B3F1C8A8E2000F8569B /* UITableView+FDKeyedHeightCache.h */ = {isa = PBXFileReference; fileEncoding = 4; lastKnownFileType = sourcecode.c.h; path = "UITableView+FDKeyedHeightCache.h"; sourceTree = "<group>"; };
		348B3B401C8A8E2000F8569B /* UITableView+FDKeyedHeightCache.m */ = {isa = PBXFileReference; fileEncoding = 4; lastKnownFileType = sourcecode.c.objc; path = "UITableView+FDKeyedHeightCache.m"; sourceTree = "<group>"; };
		348B3B411C8A8E2000F8569B /* UITableView+FDTemplateLayoutCell.h */ = {isa = PBXFileReference; fileEncoding = 4; lastKnownFileType = sourcecode.c.h; path = "UITableView+FDTemplateLayoutCell.h"; sourceTree = "<group>"; };
		348B3B421C8A8E2000F8569B /* UITableView+FDTemplateLayoutCell.m */ = {isa = PBXFileReference; fileEncoding = 4; lastKnownFileType = sourcecode.c.objc; path = "UITableView+FDTemplateLayoutCell.m"; sourceTree = "<group>"; };
		348B3B431C8A8E2000F8569B /* UITableView+FDTemplateLayoutCellDebug.h */ = {isa = PBXFileReference; fileEncoding = 4; lastKnownFileType = sourcecode.c.h; path = "UITableView+FDTemplateLayoutCellDebug.h"; sourceTree = "<group>"; };
		348B3B441C8A8E2000F8569B /* UITableView+FDTemplateLayoutCellDebug.m */ = {isa = PBXFileReference; fileEncoding = 4; lastKnownFileType = sourcecode.c.objc; path = "UITableView+FDTemplateLayoutCellDebug.m"; sourceTree = "<group>"; };
		34F72E8C1C8BF4380033ED03 /* BHNavViewController.h */ = {isa = PBXFileReference; fileEncoding = 4; lastKnownFileType = sourcecode.c.h; path = BHNavViewController.h; sourceTree = "<group>"; };
		34F72E8D1C8BF4380033ED03 /* BHNavViewController.m */ = {isa = PBXFileReference; fileEncoding = 4; lastKnownFileType = sourcecode.c.objc; path = BHNavViewController.m; sourceTree = "<group>"; };
		34F72E931C8BF4380033ED03 /* AppDelegate.h */ = {isa = PBXFileReference; fileEncoding = 4; lastKnownFileType = sourcecode.c.h; path = AppDelegate.h; sourceTree = "<group>"; };
		34F72E941C8BF4380033ED03 /* AppDelegate.m */ = {isa = PBXFileReference; fileEncoding = 4; lastKnownFileType = sourcecode.c.objc; path = AppDelegate.m; sourceTree = "<group>"; };
		34F72E951C8BF4380033ED03 /* main.m */ = {isa = PBXFileReference; fileEncoding = 4; lastKnownFileType = sourcecode.c.objc; path = main.m; sourceTree = "<group>"; };
		34F72E9D1C8BF4380033ED03 /* FirstVC.h */ = {isa = PBXFileReference; fileEncoding = 4; lastKnownFileType = sourcecode.c.h; path = FirstVC.h; sourceTree = "<group>"; };
		34F72E9E1C8BF4380033ED03 /* FirstVC.m */ = {isa = PBXFileReference; fileEncoding = 4; lastKnownFileType = sourcecode.c.objc; path = FirstVC.m; sourceTree = "<group>"; };
		34F72E9F1C8BF4380033ED03 /* TestViewDelegate.h */ = {isa = PBXFileReference; fileEncoding = 4; lastKnownFileType = sourcecode.c.h; path = TestViewDelegate.h; sourceTree = "<group>"; };
		34F72EA01C8BF4380033ED03 /* TestViewDelegate.m */ = {isa = PBXFileReference; fileEncoding = 4; lastKnownFileType = sourcecode.c.objc; path = TestViewDelegate.m; sourceTree = "<group>"; };
		34F72EA21C8BF4380033ED03 /* FirstModel.h */ = {isa = PBXFileReference; fileEncoding = 4; lastKnownFileType = sourcecode.c.h; path = FirstModel.h; sourceTree = "<group>"; };
		34F72EA31C8BF4380033ED03 /* FirstModel.m */ = {isa = PBXFileReference; fileEncoding = 4; lastKnownFileType = sourcecode.c.objc; path = FirstModel.m; sourceTree = "<group>"; };
		34F72EA51C8BF4380033ED03 /* BQCell.h */ = {isa = PBXFileReference; fileEncoding = 4; lastKnownFileType = sourcecode.c.h; path = BQCell.h; sourceTree = "<group>"; };
		34F72EA61C8BF4380033ED03 /* BQCell.m */ = {isa = PBXFileReference; fileEncoding = 4; lastKnownFileType = sourcecode.c.objc; path = BQCell.m; sourceTree = "<group>"; };
		34F72EA71C8BF4380033ED03 /* BQCell.xib */ = {isa = PBXFileReference; fileEncoding = 4; lastKnownFileType = file.xib; path = BQCell.xib; sourceTree = "<group>"; };
		34F72EA91C8BF4380033ED03 /* BQGetDataList.h */ = {isa = PBXFileReference; fileEncoding = 4; lastKnownFileType = sourcecode.c.h; path = BQGetDataList.h; sourceTree = "<group>"; };
		34F72EAA1C8BF4380033ED03 /* BQGetDataList.m */ = {isa = PBXFileReference; fileEncoding = 4; lastKnownFileType = sourcecode.c.objc; path = BQGetDataList.m; sourceTree = "<group>"; };
		34F72EAB1C8BF4380033ED03 /* BQViewModel.h */ = {isa = PBXFileReference; fileEncoding = 4; lastKnownFileType = sourcecode.c.h; path = BQViewModel.h; sourceTree = "<group>"; };
		34F72EAC1C8BF4380033ED03 /* BQViewModel.m */ = {isa = PBXFileReference; fileEncoding = 4; lastKnownFileType = sourcecode.c.objc; path = BQViewModel.m; sourceTree = "<group>"; };
		34F72EAF1C8BF4380033ED03 /* FourthVC.h */ = {isa = PBXFileReference; fileEncoding = 4; lastKnownFileType = sourcecode.c.h; path = FourthVC.h; sourceTree = "<group>"; };
		34F72EB01C8BF4380033ED03 /* FourthVC.m */ = {isa = PBXFileReference; fileEncoding = 4; lastKnownFileType = sourcecode.c.objc; path = FourthVC.m; sourceTree = "<group>"; };
		34F72EB21C8BF4380033ED03 /* FourthModel.h */ = {isa = PBXFileReference; fileEncoding = 4; lastKnownFileType = sourcecode.c.h; path = FourthModel.h; sourceTree = "<group>"; };
		34F72EB31C8BF4380033ED03 /* FourthModel.m */ = {isa = PBXFileReference; fileEncoding = 4; lastKnownFileType = sourcecode.c.objc; path = FourthModel.m; sourceTree = "<group>"; };
		34F72EB61C8BF4380033ED03 /* FourthView.h */ = {isa = PBXFileReference; fileEncoding = 4; lastKnownFileType = sourcecode.c.h; path = FourthView.h; sourceTree = "<group>"; };
		34F72EB71C8BF4380033ED03 /* FourthView.m */ = {isa = PBXFileReference; fileEncoding = 4; lastKnownFileType = sourcecode.c.objc; path = FourthView.m; sourceTree = "<group>"; };
		34F72EB81C8BF4380033ED03 /* FourthView.xib */ = {isa = PBXFileReference; fileEncoding = 4; lastKnownFileType = file.xib; path = FourthView.xib; sourceTree = "<group>"; };
		34F72EBA1C8BF4380033ED03 /* FourthView2.h */ = {isa = PBXFileReference; fileEncoding = 4; lastKnownFileType = sourcecode.c.h; path = FourthView2.h; sourceTree = "<group>"; };
		34F72EBB1C8BF4380033ED03 /* FourthView2.m */ = {isa = PBXFileReference; fileEncoding = 4; lastKnownFileType = sourcecode.c.objc; path = FourthView2.m; sourceTree = "<group>"; };
		34F72EBC1C8BF4380033ED03 /* FourthView2.xib */ = {isa = PBXFileReference; fileEncoding = 4; lastKnownFileType = file.xib; path = FourthView2.xib; sourceTree = "<group>"; };
		34F72EBF1C8BF4380033ED03 /* FourthViewManger.h */ = {isa = PBXFileReference; fileEncoding = 4; lastKnownFileType = sourcecode.c.h; path = FourthViewManger.h; sourceTree = "<group>"; };
		34F72EC01C8BF4380033ED03 /* FourthViewManger.m */ = {isa = PBXFileReference; fileEncoding = 4; lastKnownFileType = sourcecode.c.objc; path = FourthViewManger.m; sourceTree = "<group>"; };
		34F72EC21C8BF4380033ED03 /* FourthViewManger2.h */ = {isa = PBXFileReference; fileEncoding = 4; lastKnownFileType = sourcecode.c.h; path = FourthViewManger2.h; sourceTree = "<group>"; };
		34F72EC31C8BF4380033ED03 /* FourthViewManger2.m */ = {isa = PBXFileReference; fileEncoding = 4; lastKnownFileType = sourcecode.c.objc; path = FourthViewManger2.m; sourceTree = "<group>"; };
		34F72EC51C8BF4380033ED03 /* FourthViewModel.h */ = {isa = PBXFileReference; fileEncoding = 4; lastKnownFileType = sourcecode.c.h; path = FourthViewModel.h; sourceTree = "<group>"; };
		34F72EC61C8BF4380033ED03 /* FourthViewModel.m */ = {isa = PBXFileReference; fileEncoding = 4; lastKnownFileType = sourcecode.c.objc; path = FourthViewModel.m; sourceTree = "<group>"; };
		34F72EC91C8BF4380033ED03 /* SecondVC.h */ = {isa = PBXFileReference; fileEncoding = 4; lastKnownFileType = sourcecode.c.h; path = SecondVC.h; sourceTree = "<group>"; };
		34F72ECA1C8BF4380033ED03 /* SecondVC.m */ = {isa = PBXFileReference; fileEncoding = 4; lastKnownFileType = sourcecode.c.objc; path = SecondVC.m; sourceTree = "<group>"; };
		34F72ECC1C8BF4380033ED03 /* BQTestModel.h */ = {isa = PBXFileReference; fileEncoding = 4; lastKnownFileType = sourcecode.c.h; path = BQTestModel.h; sourceTree = "<group>"; };
		34F72ECD1C8BF4380033ED03 /* BQTestModel.m */ = {isa = PBXFileReference; fileEncoding = 4; lastKnownFileType = sourcecode.c.objc; path = BQTestModel.m; sourceTree = "<group>"; };
		34F72ECF1C8BF4380033ED03 /* BQCollectionCell.h */ = {isa = PBXFileReference; fileEncoding = 4; lastKnownFileType = sourcecode.c.h; path = BQCollectionCell.h; sourceTree = "<group>"; };
		34F72ED01C8BF4380033ED03 /* BQCollectionCell.m */ = {isa = PBXFileReference; fileEncoding = 4; lastKnownFileType = sourcecode.c.objc; path = BQCollectionCell.m; sourceTree = "<group>"; };
		34F72ED11C8BF4380033ED03 /* BQCollectionCell.xib */ = {isa = PBXFileReference; fileEncoding = 4; lastKnownFileType = file.xib; path = BQCollectionCell.xib; sourceTree = "<group>"; };
		34F72ED31C8BF4380033ED03 /* BQGetDataList2.h */ = {isa = PBXFileReference; fileEncoding = 4; lastKnownFileType = sourcecode.c.h; path = BQGetDataList2.h; sourceTree = "<group>"; };
		34F72ED41C8BF4380033ED03 /* BQGetDataList2.m */ = {isa = PBXFileReference; fileEncoding = 4; lastKnownFileType = sourcecode.c.objc; path = BQGetDataList2.m; sourceTree = "<group>"; };
		34F72ED51C8BF4380033ED03 /* BQViewModel2.h */ = {isa = PBXFileReference; fileEncoding = 4; lastKnownFileType = sourcecode.c.h; path = BQViewModel2.h; sourceTree = "<group>"; };
		34F72ED61C8BF4380033ED03 /* BQViewModel2.m */ = {isa = PBXFileReference; fileEncoding = 4; lastKnownFileType = sourcecode.c.objc; path = BQViewModel2.m; sourceTree = "<group>"; };
		34F72ED91C8BF4380033ED03 /* ThirdVC.h */ = {isa = PBXFileReference; fileEncoding = 4; lastKnownFileType = sourcecode.c.h; path = ThirdVC.h; sourceTree = "<group>"; };
		34F72EDA1C8BF4380033ED03 /* ThirdVC.m */ = {isa = PBXFileReference; fileEncoding = 4; lastKnownFileType = sourcecode.c.objc; path = ThirdVC.m; sourceTree = "<group>"; };
		34F72EDC1C8BF4380033ED03 /* ThirdModel.h */ = {isa = PBXFileReference; fileEncoding = 4; lastKnownFileType = sourcecode.c.h; path = ThirdModel.h; sourceTree = "<group>"; };
		34F72EDD1C8BF4380033ED03 /* ThirdModel.m */ = {isa = PBXFileReference; fileEncoding = 4; lastKnownFileType = sourcecode.c.objc; path = ThirdModel.m; sourceTree = "<group>"; };
		34F72EDF1C8BF4380033ED03 /* ThirdView.h */ = {isa = PBXFileReference; fileEncoding = 4; lastKnownFileType = sourcecode.c.h; path = ThirdView.h; sourceTree = "<group>"; };
		34F72EE01C8BF4380033ED03 /* ThirdView.m */ = {isa = PBXFileReference; fileEncoding = 4; lastKnownFileType = sourcecode.c.objc; path = ThirdView.m; sourceTree = "<group>"; };
		34F72EE11C8BF4380033ED03 /* ThirdView.xib */ = {isa = PBXFileReference; fileEncoding = 4; lastKnownFileType = file.xib; path = ThirdView.xib; sourceTree = "<group>"; };
		34F72EE31C8BF4380033ED03 /* ThirdViewManger.h */ = {isa = PBXFileReference; fileEncoding = 4; lastKnownFileType = sourcecode.c.h; path = ThirdViewManger.h; sourceTree = "<group>"; };
		34F72EE41C8BF4380033ED03 /* ThirdViewManger.m */ = {isa = PBXFileReference; fileEncoding = 4; lastKnownFileType = sourcecode.c.objc; path = ThirdViewManger.m; sourceTree = "<group>"; };
		34F72EE61C8BF4380033ED03 /* ThirdViewModel.h */ = {isa = PBXFileReference; fileEncoding = 4; lastKnownFileType = sourcecode.c.h; path = ThirdViewModel.h; sourceTree = "<group>"; };
		34F72EE71C8BF4380033ED03 /* ThirdViewModel.m */ = {isa = PBXFileReference; fileEncoding = 4; lastKnownFileType = sourcecode.c.objc; path = ThirdViewModel.m; sourceTree = "<group>"; };
		34F72EE91C8BF4380033ED03 /* Foundation+Log.m */ = {isa = PBXFileReference; fileEncoding = 4; lastKnownFileType = sourcecode.c.objc; path = "Foundation+Log.m"; sourceTree = "<group>"; };
		676848CDB706ABC1C5B4FF66 /* Pods.release.xcconfig */ = {isa = PBXFileReference; includeInIndex = 1; lastKnownFileType = text.xcconfig; name = Pods.release.xcconfig; path = "Pods/Target Support Files/Pods/Pods.release.xcconfig"; sourceTree = "<group>"; };
		6DB118411C7800BD00678885 /* SUIMVVMDemo.app */ = {isa = PBXFileReference; explicitFileType = wrapper.application; includeInIndex = 0; path = SUIMVVMDemo.app; sourceTree = BUILT_PRODUCTS_DIR; };
		6DB1184E1C7800BD00678885 /* Base */ = {isa = PBXFileReference; lastKnownFileType = file.storyboard; name = Base; path = Base.lproj/Main.storyboard; sourceTree = "<group>"; };
		6DB118501C7800BD00678885 /* Assets.xcassets */ = {isa = PBXFileReference; lastKnownFileType = folder.assetcatalog; path = Assets.xcassets; sourceTree = "<group>"; };
		6DB118531C7800BD00678885 /* Base */ = {isa = PBXFileReference; lastKnownFileType = file.storyboard; name = Base; path = Base.lproj/LaunchScreen.storyboard; sourceTree = "<group>"; };
		6DB118551C7800BD00678885 /* Info.plist */ = {isa = PBXFileReference; lastKnownFileType = text.plist.xml; path = Info.plist; sourceTree = "<group>"; };
		91766331ED5D251CC999F343 /* Pods.debug.xcconfig */ = {isa = PBXFileReference; includeInIndex = 1; lastKnownFileType = text.xcconfig; name = Pods.debug.xcconfig; path = "Pods/Target Support Files/Pods/Pods.debug.xcconfig"; sourceTree = "<group>"; };
		AFCB3BD65C3660279BC80592 /* libPods.a */ = {isa = PBXFileReference; explicitFileType = archive.ar; includeInIndex = 0; path = libPods.a; sourceTree = BUILT_PRODUCTS_DIR; };
/* End PBXFileReference section */

/* Begin PBXFrameworksBuildPhase section */
		6DB1183E1C7800BD00678885 /* Frameworks */ = {
			isa = PBXFrameworksBuildPhase;
			buildActionMask = 2147483647;
			files = (
				3F5068AA9D3A497EF0300DF0 /* libPods.a in Frameworks */,
			);
			runOnlyForDeploymentPostprocessing = 0;
		};
/* End PBXFrameworksBuildPhase section */

/* Begin PBXGroup section */
		348B3AC41C8A8E2000F8569B /* SUIMVVMKit */ = {
			isa = PBXGroup;
			children = (
				348B3AC51C8A8E2000F8569B /* SUIMVVMKit */,
				348B3AE71C8A8E2000F8569B /* SUIMVVMKit.h */,
				348B3AE81C8A8E2000F8569B /* Vender */,
			);
			path = SUIMVVMKit;
			sourceTree = "<group>";
		};
		348B3AC51C8A8E2000F8569B /* SUIMVVMKit */ = {
			isa = PBXGroup;
			children = (
				348B3AC61C8A8E2000F8569B /* Base */,
				348B3AD11C8A8E2000F8569B /* Constant */,
				348B3AD41C8A8E2000F8569B /* Extend */,
				348B3AE21C8A8E2000F8569B /* Handler */,
				348B3AE31C8A8E2000F8569B /* Protocol */,
			);
			path = SUIMVVMKit;
			sourceTree = "<group>";
		};
		348B3AC61C8A8E2000F8569B /* Base */ = {
			isa = PBXGroup;
			children = (
				348B3AC71C8A8E2000F8569B /* ViewManger */,
				348B3ACE1C8A8E2000F8569B /* ViewModel */,
			);
			path = Base;
			sourceTree = "<group>";
		};
		348B3AC71C8A8E2000F8569B /* ViewManger */ = {
			isa = PBXGroup;
			children = (
				348B3AC81C8A8E2000F8569B /* SMKBaseCollectionViewManger.h */,
				348B3AC91C8A8E2000F8569B /* SMKBaseCollectionViewManger.m */,
				348B3ACA1C8A8E2000F8569B /* SMKBaseTableViewManger.h */,
				348B3ACB1C8A8E2000F8569B /* SMKBaseTableViewManger.m */,
				348B3ACC1C8A8E2000F8569B /* SMKBaseViewManger.h */,
				348B3ACD1C8A8E2000F8569B /* SMKBaseViewManger.m */,
			);
			path = ViewManger;
			sourceTree = "<group>";
		};
		348B3ACE1C8A8E2000F8569B /* ViewModel */ = {
			isa = PBXGroup;
			children = (
				348B3ACF1C8A8E2000F8569B /* SMKBaseViewModel.h */,
				348B3AD01C8A8E2000F8569B /* SMKBaseViewModel.m */,
			);
			path = ViewModel;
			sourceTree = "<group>";
		};
		348B3AD11C8A8E2000F8569B /* Constant */ = {
			isa = PBXGroup;
			children = (
				348B3AD21C8A8E2000F8569B /* SMKConstant.h */,
				348B3AD31C8A8E2000F8569B /* SMKSingleton.h */,
			);
			path = Constant;
			sourceTree = "<group>";
		};
		348B3AD41C8A8E2000F8569B /* Extend */ = {
			isa = PBXGroup;
			children = (
				348B3AD51C8A8E2000F8569B /* SMKExtendPublic.h */,
				348B3AD61C8A8E2000F8569B /* UICollectionView+CollectionDataDelegateAdditions.h */,
				348B3AD71C8A8E2000F8569B /* UICollectionView+CollectionDataDelegateAdditions.m */,
				348B3AD81C8A8E2000F8569B /* UICollectionViewCell+Extension.h */,
				348B3AD91C8A8E2000F8569B /* UICollectionViewCell+Extension.m */,
				348B3ADA1C8A8E2000F8569B /* UITableView+TableDataDelegateAdditions.h */,
				348B3ADB1C8A8E2000F8569B /* UITableView+TableDataDelegateAdditions.m */,
				348B3ADC1C8A8E2000F8569B /* UITableViewCell+Extension.h */,
				348B3ADD1C8A8E2000F8569B /* UITableViewCell+Extension.m */,
				348B3ADE1C8A8E2000F8569B /* UIView+Configure.h */,
				348B3ADF1C8A8E2000F8569B /* UIView+Configure.m */,
				348B3AE01C8A8E2000F8569B /* UIView+ViewDelegateAdditions.h */,
				348B3AE11C8A8E2000F8569B /* UIView+ViewDelegateAdditions.m */,
			);
			path = Extend;
			sourceTree = "<group>";
		};
		348B3AE21C8A8E2000F8569B /* Handler */ = {
			isa = PBXGroup;
			children = (
			);
			path = Handler;
			sourceTree = "<group>";
		};
		348B3AE31C8A8E2000F8569B /* Protocol */ = {
			isa = PBXGroup;
			children = (
				348B3AE41C8A8E2000F8569B /* SMKViewMangerProtocolDelegate.h */,
				348B3AE51C8A8E2000F8569B /* SMKViewModelProtocolDelegate.h */,
				348B3AE61C8A8E2000F8569B /* SMKViewProtocolDelegate.h */,
			);
			path = Protocol;
			sourceTree = "<group>";
		};
		348B3AE81C8A8E2000F8569B /* Vender */ = {
			isa = PBXGroup;
			children = (
				348B3AE91C8A8E2000F8569B /* PMKVObserver */,
				348B3AED1C8A8E2000F8569B /* SUIUtils */,
				348B3B3C1C8A8E2000F8569B /* UITableView+FDTemplateLayoutCell */,
			);
			path = Vender;
			sourceTree = "<group>";
		};
		348B3AE91C8A8E2000F8569B /* PMKVObserver */ = {
			isa = PBXGroup;
			children = (
				348B3AEA1C8A8E2000F8569B /* KVObserver.h */,
				348B3AEB1C8A8E2000F8569B /* KVObserver.m */,
				348B3AEC1C8A8E2000F8569B /* PMKVObserver.h */,
			);
			path = PMKVObserver;
			sourceTree = "<group>";
		};
		348B3AED1C8A8E2000F8569B /* SUIUtils */ = {
			isa = PBXGroup;
			children = (
				348B3AEE1C8A8E2000F8569B /* Foundation */,
				348B3B071C8A8E2000F8569B /* Helper */,
				348B3B0E1C8A8E2000F8569B /* SUIUtils.h */,
				348B3B0F1C8A8E2000F8569B /* Tool */,
				348B3B1B1C8A8E2000F8569B /* UIKit */,
			);
			path = SUIUtils;
			sourceTree = "<group>";
		};
		348B3AEE1C8A8E2000F8569B /* Foundation */ = {
			isa = PBXGroup;
			children = (
				348B3AEF1C8A8E2000F8569B /* NSArray+SUIAdditions.h */,
				348B3AF01C8A8E2000F8569B /* NSArray+SUIAdditions.m */,
				348B3AF11C8A8E2000F8569B /* NSArray+SUISafeAccess.h */,
				348B3AF21C8A8E2000F8569B /* NSArray+SUISafeAccess.m */,
				348B3AF31C8A8E2000F8569B /* NSData+SUIAdditions.h */,
				348B3AF41C8A8E2000F8569B /* NSData+SUIAdditions.m */,
				348B3AF51C8A8E2000F8569B /* NSDate+SUIAdditions.h */,
				348B3AF61C8A8E2000F8569B /* NSDate+SUIAdditions.m */,
				348B3AF71C8A8E2000F8569B /* NSDictionary+SUIAdditions.h */,
				348B3AF81C8A8E2000F8569B /* NSDictionary+SUIAdditions.m */,
				348B3AF91C8A8E2000F8569B /* NSDictionary+SUISafeAccess.h */,
				348B3AFA1C8A8E2000F8569B /* NSDictionary+SUISafeAccess.m */,
				348B3AFB1C8A8E2000F8569B /* NSIndexPath+SUIAdditions.h */,
				348B3AFC1C8A8E2000F8569B /* NSIndexPath+SUIAdditions.m */,
				348B3AFD1C8A8E2000F8569B /* NSNumber+SUIAdditions.h */,
				348B3AFE1C8A8E2000F8569B /* NSNumber+SUIAdditions.m */,
				348B3AFF1C8A8E2000F8569B /* NSObject+SUIAdditions.h */,
				348B3B001C8A8E2000F8569B /* NSObject+SUIAdditions.m */,
				348B3B011C8A8E2000F8569B /* NSString+SUIAdditions.h */,
				348B3B021C8A8E2000F8569B /* NSString+SUIAdditions.m */,
				348B3B031C8A8E2000F8569B /* NSString+SUICrypto.h */,
				348B3B041C8A8E2000F8569B /* NSString+SUICrypto.m */,
				348B3B051C8A8E2000F8569B /* NSString+SUIRegex.h */,
				348B3B061C8A8E2000F8569B /* NSString+SUIRegex.m */,
			);
			path = Foundation;
			sourceTree = "<group>";
		};
		348B3B071C8A8E2000F8569B /* Helper */ = {
			isa = PBXGroup;
			children = (
				348B3B081C8A8E2000F8569B /* SUITableHelper.h */,
				348B3B091C8A8E2000F8569B /* SUITableHelper.m */,
				348B3B0A1C8A8E2000F8569B /* UITableView+SUIHelper.h */,
				348B3B0B1C8A8E2000F8569B /* UITableView+SUIHelper.m */,
				348B3B0C1C8A8E2000F8569B /* UITableViewCell+SUIHelper.h */,
				348B3B0D1C8A8E2000F8569B /* UITableViewCell+SUIHelper.m */,
			);
			path = Helper;
			sourceTree = "<group>";
		};
		348B3B0F1C8A8E2000F8569B /* Tool */ = {
			isa = PBXGroup;
			children = (
				348B3B101C8A8E2000F8569B /* SUIMacro.h */,
				348B3B111C8A8E2000F8569B /* SUITool+Camera.h */,
				348B3B121C8A8E2000F8569B /* SUITool+Camera.m */,
				348B3B131C8A8E2000F8569B /* SUITool+Delay.h */,
				348B3B141C8A8E2000F8569B /* SUITool+Delay.m */,
				348B3B151C8A8E2000F8569B /* SUITool+FileManager.h */,
				348B3B161C8A8E2000F8569B /* SUITool+FileManager.m */,
				348B3B171C8A8E2000F8569B /* SUITool+OpenURL.h */,
				348B3B181C8A8E2000F8569B /* SUITool+OpenURL.m */,
				348B3B191C8A8E2000F8569B /* SUITool.h */,
				348B3B1A1C8A8E2000F8569B /* SUITool.m */,
			);
			path = Tool;
			sourceTree = "<group>";
		};
		348B3B1B1C8A8E2000F8569B /* UIKit */ = {
			isa = PBXGroup;
			children = (
				348B3B1C1C8A8E2000F8569B /* UIButton+SUIAdditions.h */,
				348B3B1D1C8A8E2000F8569B /* UIButton+SUIAdditions.m */,
				348B3B1E1C8A8E2000F8569B /* UIButton+SVVAdditions.h */,
				348B3B1F1C8A8E2000F8569B /* UIButton+SVVAdditions.m */,
				348B3B201C8A8E2000F8569B /* UIControl+SUIAdditions.h */,
				348B3B211C8A8E2000F8569B /* UIControl+SUIAdditions.m */,
				348B3B221C8A8E2000F8569B /* UIImage+SUIAdditions.h */,
				348B3B231C8A8E2000F8569B /* UIImage+SUIAdditions.m */,
				348B3B241C8A8E2000F8569B /* UILabel+SUIAdditions.h */,
				348B3B251C8A8E2000F8569B /* UILabel+SUIAdditions.m */,
				348B3B261C8A8E2000F8569B /* UILabel+SVVAdditions.h */,
				348B3B271C8A8E2000F8569B /* UILabel+SVVAdditions.m */,
				348B3B281C8A8E2000F8569B /* UINavigationController+SUIAdditions.h */,
				348B3B291C8A8E2000F8569B /* UINavigationController+SUIAdditions.m */,
				348B3B2A1C8A8E2000F8569B /* UIScrollView+SUIAdditions.h */,
				348B3B2B1C8A8E2000F8569B /* UIScrollView+SUIAdditions.m */,
				348B3B2C1C8A8E2000F8569B /* UIStoryboardSegue+SUIAdditions.h */,
				348B3B2D1C8A8E2000F8569B /* UIStoryboardSegue+SUIAdditions.m */,
				348B3B2E1C8A8E2000F8569B /* UITableViewCell+SUIAdditions.h */,
				348B3B2F1C8A8E2000F8569B /* UITableViewCell+SUIAdditions.m */,
				348B3B301C8A8E2000F8569B /* UITextField+SUIAdditions.h */,
				348B3B311C8A8E2000F8569B /* UITextField+SUIAdditions.m */,
				348B3B321C8A8E2000F8569B /* UITextView+SUIAdditions.h */,
				348B3B331C8A8E2000F8569B /* UITextView+SUIAdditions.m */,
				348B3B341C8A8E2000F8569B /* UIView+SUIAdditions.h */,
				348B3B351C8A8E2000F8569B /* UIView+SUIAdditions.m */,
				348B3B361C8A8E2000F8569B /* UIView+SVVAdditions.h */,
				348B3B371C8A8E2000F8569B /* UIView+SVVAdditions.m */,
				348B3B381C8A8E2000F8569B /* UIViewController+SUIAdditions.h */,
				348B3B391C8A8E2000F8569B /* UIViewController+SUIAdditions.m */,
				348B3B3A1C8A8E2000F8569B /* UIViewController+SVVAdditions.h */,
				348B3B3B1C8A8E2000F8569B /* UIViewController+SVVAdditions.m */,
			);
			path = UIKit;
			sourceTree = "<group>";
		};
		348B3B3C1C8A8E2000F8569B /* UITableView+FDTemplateLayoutCell */ = {
			isa = PBXGroup;
			children = (
				348B3B3D1C8A8E2000F8569B /* UITableView+FDIndexPathHeightCache.h */,
				348B3B3E1C8A8E2000F8569B /* UITableView+FDIndexPathHeightCache.m */,
				348B3B3F1C8A8E2000F8569B /* UITableView+FDKeyedHeightCache.h */,
				348B3B401C8A8E2000F8569B /* UITableView+FDKeyedHeightCache.m */,
				348B3B411C8A8E2000F8569B /* UITableView+FDTemplateLayoutCell.h */,
				348B3B421C8A8E2000F8569B /* UITableView+FDTemplateLayoutCell.m */,
				348B3B431C8A8E2000F8569B /* UITableView+FDTemplateLayoutCellDebug.h */,
				348B3B441C8A8E2000F8569B /* UITableView+FDTemplateLayoutCellDebug.m */,
			);
			path = "UITableView+FDTemplateLayoutCell";
			sourceTree = "<group>";
		};
		34F72E851C8BF4380033ED03 /* Classes */ = {
			isa = PBXGroup;
			children = (
				34F72E9A1C8BF4380033ED03 /* Src */,
				34F72E861C8BF4380033ED03 /* Expand */,
				34F72E921C8BF4380033ED03 /* Other */,
				34F72E961C8BF4380033ED03 /* Resource */,
				34F72EE81C8BF4380033ED03 /* Utils */,
				34F72EEA1C8BF4380033ED03 /* Vender */,
			);
			path = Classes;
			sourceTree = "<group>";
		};
		34F72E861C8BF4380033ED03 /* Expand */ = {
			isa = PBXGroup;
			children = (
				34F72E871C8BF4380033ED03 /* Category */,
				34F72E881C8BF4380033ED03 /* Constant */,
				34F72E891C8BF4380033ED03 /* Custom */,
				34F72E8E1C8BF4380033ED03 /* DataBase */,
				34F72E8F1C8BF4380033ED03 /* Macros */,
				34F72E901C8BF4380033ED03 /* Network */,
				34F72E911C8BF4380033ED03 /* Tool */,
			);
			path = Expand;
			sourceTree = "<group>";
		};
		34F72E871C8BF4380033ED03 /* Category */ = {
			isa = PBXGroup;
			children = (
			);
			path = Category;
			sourceTree = "<group>";
		};
		34F72E881C8BF4380033ED03 /* Constant */ = {
			isa = PBXGroup;
			children = (
			);
			path = Constant;
			sourceTree = "<group>";
		};
		34F72E891C8BF4380033ED03 /* Custom */ = {
			isa = PBXGroup;
			children = (
				34F72E8A1C8BF4380033ED03 /* Base */,
				34F72E8B1C8BF4380033ED03 /* Controller */,
			);
			path = Custom;
			sourceTree = "<group>";
		};
		34F72E8A1C8BF4380033ED03 /* Base */ = {
			isa = PBXGroup;
			children = (
			);
			path = Base;
			sourceTree = "<group>";
		};
		34F72E8B1C8BF4380033ED03 /* Controller */ = {
			isa = PBXGroup;
			children = (
				34F72E8C1C8BF4380033ED03 /* BHNavViewController.h */,
				34F72E8D1C8BF4380033ED03 /* BHNavViewController.m */,
			);
			path = Controller;
			sourceTree = "<group>";
		};
		34F72E8E1C8BF4380033ED03 /* DataBase */ = {
			isa = PBXGroup;
			children = (
			);
			path = DataBase;
			sourceTree = "<group>";
		};
		34F72E8F1C8BF4380033ED03 /* Macros */ = {
			isa = PBXGroup;
			children = (
			);
			path = Macros;
			sourceTree = "<group>";
		};
		34F72E901C8BF4380033ED03 /* Network */ = {
			isa = PBXGroup;
			children = (
			);
			path = Network;
			sourceTree = "<group>";
		};
		34F72E911C8BF4380033ED03 /* Tool */ = {
			isa = PBXGroup;
			children = (
			);
			path = Tool;
			sourceTree = "<group>";
		};
		34F72E921C8BF4380033ED03 /* Other */ = {
			isa = PBXGroup;
			children = (
				34F72E931C8BF4380033ED03 /* AppDelegate.h */,
				34F72E941C8BF4380033ED03 /* AppDelegate.m */,
				34F72E951C8BF4380033ED03 /* main.m */,
			);
			path = Other;
			sourceTree = "<group>";
		};
		34F72E961C8BF4380033ED03 /* Resource */ = {
			isa = PBXGroup;
			children = (
				34F72E971C8BF4380033ED03 /* Global */,
				34F72E981C8BF4380033ED03 /* Image */,
				34F72E991C8BF4380033ED03 /* Plist */,
			);
			path = Resource;
			sourceTree = "<group>";
		};
		34F72E971C8BF4380033ED03 /* Global */ = {
			isa = PBXGroup;
			children = (
			);
			path = Global;
			sourceTree = "<group>";
		};
		34F72E981C8BF4380033ED03 /* Image */ = {
			isa = PBXGroup;
			children = (
			);
			path = Image;
			sourceTree = "<group>";
		};
		34F72E991C8BF4380033ED03 /* Plist */ = {
			isa = PBXGroup;
			children = (
			);
			path = Plist;
			sourceTree = "<group>";
		};
		34F72E9A1C8BF4380033ED03 /* Src */ = {
			isa = PBXGroup;
			children = (
				34F72E9B1C8BF4380033ED03 /* FirstExample */,
				34F72EAD1C8BF4380033ED03 /* FourthExample */,
				34F72EC71C8BF4380033ED03 /* SecondExample */,
				34F72ED71C8BF4380033ED03 /* ThirdExample */,
			);
			path = Src;
			sourceTree = "<group>";
		};
		34F72E9B1C8BF4380033ED03 /* FirstExample */ = {
			isa = PBXGroup;
			children = (
				34F72E9C1C8BF4380033ED03 /* Controller */,
				34F72EA11C8BF4380033ED03 /* Model */,
				34F72EA41C8BF4380033ED03 /* View */,
				34F72EA81C8BF4380033ED03 /* ViewModel */,
			);
			path = FirstExample;
			sourceTree = "<group>";
		};
		34F72E9C1C8BF4380033ED03 /* Controller */ = {
			isa = PBXGroup;
			children = (
				34F72E9D1C8BF4380033ED03 /* FirstVC.h */,
				34F72E9E1C8BF4380033ED03 /* FirstVC.m */,
				34F72E9F1C8BF4380033ED03 /* TestViewDelegate.h */,
				34F72EA01C8BF4380033ED03 /* TestViewDelegate.m */,
			);
			path = Controller;
			sourceTree = "<group>";
		};
		34F72EA11C8BF4380033ED03 /* Model */ = {
			isa = PBXGroup;
			children = (
				34F72EA21C8BF4380033ED03 /* FirstModel.h */,
				34F72EA31C8BF4380033ED03 /* FirstModel.m */,
			);
			path = Model;
			sourceTree = "<group>";
		};
		34F72EA41C8BF4380033ED03 /* View */ = {
			isa = PBXGroup;
			children = (
				34F72EA51C8BF4380033ED03 /* BQCell.h */,
				34F72EA61C8BF4380033ED03 /* BQCell.m */,
				34F72EA71C8BF4380033ED03 /* BQCell.xib */,
			);
			path = View;
			sourceTree = "<group>";
		};
		34F72EA81C8BF4380033ED03 /* ViewModel */ = {
			isa = PBXGroup;
			children = (
				34F72EA91C8BF4380033ED03 /* BQGetDataList.h */,
				34F72EAA1C8BF4380033ED03 /* BQGetDataList.m */,
				34F72EAB1C8BF4380033ED03 /* BQViewModel.h */,
				34F72EAC1C8BF4380033ED03 /* BQViewModel.m */,
			);
			path = ViewModel;
			sourceTree = "<group>";
		};
		34F72EAD1C8BF4380033ED03 /* FourthExample */ = {
			isa = PBXGroup;
			children = (
				34F72EAE1C8BF4380033ED03 /* Controller */,
				34F72EB11C8BF4380033ED03 /* Model */,
				34F72EB41C8BF4380033ED03 /* View */,
				34F72EBD1C8BF4380033ED03 /* ViewManger */,
				34F72EC41C8BF4380033ED03 /* ViewModel */,
			);
			path = FourthExample;
			sourceTree = "<group>";
		};
		34F72EAE1C8BF4380033ED03 /* Controller */ = {
			isa = PBXGroup;
			children = (
				34F72EAF1C8BF4380033ED03 /* FourthVC.h */,
				34F72EB01C8BF4380033ED03 /* FourthVC.m */,
			);
			path = Controller;
			sourceTree = "<group>";
		};
		34F72EB11C8BF4380033ED03 /* Model */ = {
			isa = PBXGroup;
			children = (
				34F72EB21C8BF4380033ED03 /* FourthModel.h */,
				34F72EB31C8BF4380033ED03 /* FourthModel.m */,
			);
			path = Model;
			sourceTree = "<group>";
		};
		34F72EB41C8BF4380033ED03 /* View */ = {
			isa = PBXGroup;
			children = (
				34F72EB51C8BF4380033ED03 /* FourthView */,
				34F72EB91C8BF4380033ED03 /* FourthView2 */,
			);
			path = View;
			sourceTree = "<group>";
		};
		34F72EB51C8BF4380033ED03 /* FourthView */ = {
			isa = PBXGroup;
			children = (
				34F72EB61C8BF4380033ED03 /* FourthView.h */,
				34F72EB71C8BF4380033ED03 /* FourthView.m */,
				34F72EB81C8BF4380033ED03 /* FourthView.xib */,
			);
			path = FourthView;
			sourceTree = "<group>";
		};
		34F72EB91C8BF4380033ED03 /* FourthView2 */ = {
			isa = PBXGroup;
			children = (
				34F72EBA1C8BF4380033ED03 /* FourthView2.h */,
				34F72EBB1C8BF4380033ED03 /* FourthView2.m */,
				34F72EBC1C8BF4380033ED03 /* FourthView2.xib */,
			);
			path = FourthView2;
			sourceTree = "<group>";
		};
		34F72EBD1C8BF4380033ED03 /* ViewManger */ = {
			isa = PBXGroup;
			children = (
				34F72EBE1C8BF4380033ED03 /* FourthViewManger */,
				34F72EC11C8BF4380033ED03 /* FourthViewManger2 */,
			);
			path = ViewManger;
			sourceTree = "<group>";
		};
		34F72EBE1C8BF4380033ED03 /* FourthViewManger */ = {
			isa = PBXGroup;
			children = (
				34F72EBF1C8BF4380033ED03 /* FourthViewManger.h */,
				34F72EC01C8BF4380033ED03 /* FourthViewManger.m */,
			);
			path = FourthViewManger;
			sourceTree = "<group>";
		};
		34F72EC11C8BF4380033ED03 /* FourthViewManger2 */ = {
			isa = PBXGroup;
			children = (
				34F72EC21C8BF4380033ED03 /* FourthViewManger2.h */,
				34F72EC31C8BF4380033ED03 /* FourthViewManger2.m */,
			);
			path = FourthViewManger2;
			sourceTree = "<group>";
		};
		34F72EC41C8BF4380033ED03 /* ViewModel */ = {
			isa = PBXGroup;
			children = (
				34F72EC51C8BF4380033ED03 /* FourthViewModel.h */,
				34F72EC61C8BF4380033ED03 /* FourthViewModel.m */,
			);
			path = ViewModel;
			sourceTree = "<group>";
		};
		34F72EC71C8BF4380033ED03 /* SecondExample */ = {
			isa = PBXGroup;
			children = (
				34F72EC81C8BF4380033ED03 /* Controller */,
				34F72ECB1C8BF4380033ED03 /* Model */,
				34F72ECE1C8BF4380033ED03 /* View */,
				34F72ED21C8BF4380033ED03 /* ViewModel */,
			);
			path = SecondExample;
			sourceTree = "<group>";
		};
		34F72EC81C8BF4380033ED03 /* Controller */ = {
			isa = PBXGroup;
			children = (
				34F72EC91C8BF4380033ED03 /* SecondVC.h */,
				34F72ECA1C8BF4380033ED03 /* SecondVC.m */,
			);
			path = Controller;
			sourceTree = "<group>";
		};
		34F72ECB1C8BF4380033ED03 /* Model */ = {
			isa = PBXGroup;
			children = (
				34F72ECC1C8BF4380033ED03 /* BQTestModel.h */,
				34F72ECD1C8BF4380033ED03 /* BQTestModel.m */,
			);
			path = Model;
			sourceTree = "<group>";
		};
		34F72ECE1C8BF4380033ED03 /* View */ = {
			isa = PBXGroup;
			children = (
				34F72ECF1C8BF4380033ED03 /* BQCollectionCell.h */,
				34F72ED01C8BF4380033ED03 /* BQCollectionCell.m */,
				34F72ED11C8BF4380033ED03 /* BQCollectionCell.xib */,
			);
			path = View;
			sourceTree = "<group>";
		};
		34F72ED21C8BF4380033ED03 /* ViewModel */ = {
			isa = PBXGroup;
			children = (
				34F72ED31C8BF4380033ED03 /* BQGetDataList2.h */,
				34F72ED41C8BF4380033ED03 /* BQGetDataList2.m */,
				34F72ED51C8BF4380033ED03 /* BQViewModel2.h */,
				34F72ED61C8BF4380033ED03 /* BQViewModel2.m */,
			);
			path = ViewModel;
			sourceTree = "<group>";
		};
		34F72ED71C8BF4380033ED03 /* ThirdExample */ = {
			isa = PBXGroup;
			children = (
				34F72ED81C8BF4380033ED03 /* Controller */,
				34F72EDB1C8BF4380033ED03 /* Model */,
				34F72EDE1C8BF4380033ED03 /* View */,
				34F72EE21C8BF4380033ED03 /* ViewManger */,
				34F72EE51C8BF4380033ED03 /* ViewModel */,
			);
			path = ThirdExample;
			sourceTree = "<group>";
		};
		34F72ED81C8BF4380033ED03 /* Controller */ = {
			isa = PBXGroup;
			children = (
				34F72ED91C8BF4380033ED03 /* ThirdVC.h */,
				34F72EDA1C8BF4380033ED03 /* ThirdVC.m */,
			);
			path = Controller;
			sourceTree = "<group>";
		};
		34F72EDB1C8BF4380033ED03 /* Model */ = {
			isa = PBXGroup;
			children = (
				34F72EDC1C8BF4380033ED03 /* ThirdModel.h */,
				34F72EDD1C8BF4380033ED03 /* ThirdModel.m */,
			);
			path = Model;
			sourceTree = "<group>";
		};
		34F72EDE1C8BF4380033ED03 /* View */ = {
			isa = PBXGroup;
			children = (
				34F72EDF1C8BF4380033ED03 /* ThirdView.h */,
				34F72EE01C8BF4380033ED03 /* ThirdView.m */,
				34F72EE11C8BF4380033ED03 /* ThirdView.xib */,
			);
			path = View;
			sourceTree = "<group>";
		};
		34F72EE21C8BF4380033ED03 /* ViewManger */ = {
			isa = PBXGroup;
			children = (
				34F72EE31C8BF4380033ED03 /* ThirdViewManger.h */,
				34F72EE41C8BF4380033ED03 /* ThirdViewManger.m */,
			);
			path = ViewManger;
			sourceTree = "<group>";
		};
		34F72EE51C8BF4380033ED03 /* ViewModel */ = {
			isa = PBXGroup;
			children = (
				34F72EE61C8BF4380033ED03 /* ThirdViewModel.h */,
				34F72EE71C8BF4380033ED03 /* ThirdViewModel.m */,
			);
			path = ViewModel;
			sourceTree = "<group>";
		};
		34F72EE81C8BF4380033ED03 /* Utils */ = {
			isa = PBXGroup;
			children = (
				34F72EE91C8BF4380033ED03 /* Foundation+Log.m */,
			);
			path = Utils;
			sourceTree = "<group>";
		};
		34F72EEA1C8BF4380033ED03 /* Vender */ = {
			isa = PBXGroup;
			children = (
				34F72EEB1C8BF4380033ED03 /* Lib */,
				34F72EEC1C8BF4380033ED03 /* SDKFiles */,
			);
			path = Vender;
			sourceTree = "<group>";
		};
		34F72EEB1C8BF4380033ED03 /* Lib */ = {
			isa = PBXGroup;
			children = (
			);
			path = Lib;
			sourceTree = "<group>";
		};
		34F72EEC1C8BF4380033ED03 /* SDKFiles */ = {
			isa = PBXGroup;
			children = (
			);
			path = SDKFiles;
			sourceTree = "<group>";
		};
		6DB118381C7800BD00678885 = {
			isa = PBXGroup;
			children = (
				6DB118431C7800BD00678885 /* SUIMVVMDemo */,
				6DB118421C7800BD00678885 /* Products */,
				93F964C7E7695ED5A662CB90 /* Pods */,
				7D2B83965AA43795881FEE01 /* Frameworks */,
			);
			sourceTree = "<group>";
		};
		6DB118421C7800BD00678885 /* Products */ = {
			isa = PBXGroup;
			children = (
				6DB118411C7800BD00678885 /* SUIMVVMDemo.app */,
			);
			name = Products;
			sourceTree = "<group>";
		};
		6DB118431C7800BD00678885 /* SUIMVVMDemo */ = {
			isa = PBXGroup;
			children = (
				348B3AC41C8A8E2000F8569B /* SUIMVVMKit */,
				34F72E851C8BF4380033ED03 /* Classes */,
				6DB118441C7800BD00678885 /* Supporting Files */,
			);
			path = SUIMVVMDemo;
			sourceTree = "<group>";
		};
		6DB118441C7800BD00678885 /* Supporting Files */ = {
			isa = PBXGroup;
			children = (
				344113281C7AD7FE001FEAE6 /* PrefixHeader.pch */,
				6DB118521C7800BD00678885 /* LaunchScreen.storyboard */,
				6DB1184D1C7800BD00678885 /* Main.storyboard */,
				6DB118501C7800BD00678885 /* Assets.xcassets */,
				6DB118551C7800BD00678885 /* Info.plist */,
			);
			name = "Supporting Files";
			sourceTree = "<group>";
		};
		7D2B83965AA43795881FEE01 /* Frameworks */ = {
			isa = PBXGroup;
			children = (
				AFCB3BD65C3660279BC80592 /* libPods.a */,
			);
			name = Frameworks;
			sourceTree = "<group>";
		};
		93F964C7E7695ED5A662CB90 /* Pods */ = {
			isa = PBXGroup;
			children = (
				91766331ED5D251CC999F343 /* Pods.debug.xcconfig */,
				676848CDB706ABC1C5B4FF66 /* Pods.release.xcconfig */,
			);
			name = Pods;
			sourceTree = "<group>";
		};
/* End PBXGroup section */

/* Begin PBXNativeTarget section */
		6DB118401C7800BD00678885 /* SUIMVVMDemo */ = {
			isa = PBXNativeTarget;
			buildConfigurationList = 6DB118581C7800BD00678885 /* Build configuration list for PBXNativeTarget "SUIMVVMDemo" */;
			buildPhases = (
				CB77CD18112B91DE482108E2 /* Check Pods Manifest.lock */,
				6DB1183D1C7800BD00678885 /* Sources */,
				6DB1183E1C7800BD00678885 /* Frameworks */,
				6DB1183F1C7800BD00678885 /* Resources */,
				D7860788B09D699A0F957731 /* Embed Pods Frameworks */,
				531FA5271DCDC7A41BF8F6F6 /* Copy Pods Resources */,
			);
			buildRules = (
			);
			dependencies = (
			);
			name = SUIMVVMDemo;
			productName = SUIMVVMDemo;
			productReference = 6DB118411C7800BD00678885 /* SUIMVVMDemo.app */;
			productType = "com.apple.product-type.application";
		};
/* End PBXNativeTarget section */

/* Begin PBXProject section */
		6DB118391C7800BD00678885 /* Project object */ = {
			isa = PBXProject;
			attributes = {
				LastUpgradeCheck = 0720;
				ORGANIZATIONNAME = lovemo;
				TargetAttributes = {
					6DB118401C7800BD00678885 = {
						CreatedOnToolsVersion = 7.2;
					};
				};
			};
			buildConfigurationList = 6DB1183C1C7800BD00678885 /* Build configuration list for PBXProject "SUIMVVMDemo" */;
			compatibilityVersion = "Xcode 3.2";
			developmentRegion = English;
			hasScannedForEncodings = 0;
			knownRegions = (
				en,
				Base,
			);
			mainGroup = 6DB118381C7800BD00678885;
			productRefGroup = 6DB118421C7800BD00678885 /* Products */;
			projectDirPath = "";
			projectRoot = "";
			targets = (
				6DB118401C7800BD00678885 /* SUIMVVMDemo */,
			);
		};
/* End PBXProject section */

/* Begin PBXResourcesBuildPhase section */
		6DB1183F1C7800BD00678885 /* Resources */ = {
			isa = PBXResourcesBuildPhase;
			buildActionMask = 2147483647;
			files = (
				34F72EFA1C8BF4380033ED03 /* FourthView.xib in Resources */,
				34F72EFC1C8BF4380033ED03 /* FourthView2.xib in Resources */,
				34F72F031C8BF4380033ED03 /* BQCollectionCell.xib in Resources */,
				6DB118541C7800BD00678885 /* LaunchScreen.storyboard in Resources */,
				34F72F091C8BF4380033ED03 /* ThirdView.xib in Resources */,
				6DB118511C7800BD00678885 /* Assets.xcassets in Resources */,
				34F72EF41C8BF4380033ED03 /* BQCell.xib in Resources */,
				6DB1184F1C7800BD00678885 /* Main.storyboard in Resources */,
			);
			runOnlyForDeploymentPostprocessing = 0;
		};
/* End PBXResourcesBuildPhase section */

/* Begin PBXShellScriptBuildPhase section */
		531FA5271DCDC7A41BF8F6F6 /* Copy Pods Resources */ = {
			isa = PBXShellScriptBuildPhase;
			buildActionMask = 2147483647;
			files = (
			);
			inputPaths = (
			);
			name = "Copy Pods Resources";
			outputPaths = (
			);
			runOnlyForDeploymentPostprocessing = 0;
			shellPath = /bin/sh;
			shellScript = "\"${SRCROOT}/Pods/Target Support Files/Pods/Pods-resources.sh\"\n";
			showEnvVarsInLog = 0;
		};
		CB77CD18112B91DE482108E2 /* Check Pods Manifest.lock */ = {
			isa = PBXShellScriptBuildPhase;
			buildActionMask = 2147483647;
			files = (
			);
			inputPaths = (
			);
			name = "Check Pods Manifest.lock";
			outputPaths = (
			);
			runOnlyForDeploymentPostprocessing = 0;
			shellPath = /bin/sh;
			shellScript = "diff \"${PODS_ROOT}/../Podfile.lock\" \"${PODS_ROOT}/Manifest.lock\" > /dev/null\nif [[ $? != 0 ]] ; then\n    cat << EOM\nerror: The sandbox is not in sync with the Podfile.lock. Run 'pod install' or update your CocoaPods installation.\nEOM\n    exit 1\nfi\n";
			showEnvVarsInLog = 0;
		};
		D7860788B09D699A0F957731 /* Embed Pods Frameworks */ = {
			isa = PBXShellScriptBuildPhase;
			buildActionMask = 2147483647;
			files = (
			);
			inputPaths = (
			);
			name = "Embed Pods Frameworks";
			outputPaths = (
			);
			runOnlyForDeploymentPostprocessing = 0;
			shellPath = /bin/sh;
			shellScript = "\"${SRCROOT}/Pods/Target Support Files/Pods/Pods-frameworks.sh\"\n";
			showEnvVarsInLog = 0;
		};
/* End PBXShellScriptBuildPhase section */

/* Begin PBXSourcesBuildPhase section */
		6DB1183D1C7800BD00678885 /* Sources */ = {
			isa = PBXSourcesBuildPhase;
			buildActionMask = 2147483647;
			files = (
				348B3B671C8A8E2000F8569B /* UIImage+SUIAdditions.m in Sources */,
				348B3B4A1C8A8E2000F8569B /* UICollectionViewCell+Extension.m in Sources */,
				348B3B661C8A8E2000F8569B /* UIControl+SUIAdditions.m in Sources */,
				34F72EF21C8BF4380033ED03 /* FirstModel.m in Sources */,
				348B3B731C8A8E2000F8569B /* UIViewController+SVVAdditions.m in Sources */,
				348B3B4F1C8A8E2000F8569B /* KVObserver.m in Sources */,
				348B3B5E1C8A8E2000F8569B /* UITableViewCell+SUIHelper.m in Sources */,
				34F72EED1C8BF4380033ED03 /* BHNavViewController.m in Sources */,
				348B3B5A1C8A8E2000F8569B /* NSString+SUICrypto.m in Sources */,
				34F72EF81C8BF4380033ED03 /* FourthModel.m in Sources */,
				348B3B681C8A8E2000F8569B /* UILabel+SUIAdditions.m in Sources */,
				348B3B4D1C8A8E2000F8569B /* UIView+Configure.m in Sources */,
				348B3B471C8A8E2000F8569B /* SMKBaseViewManger.m in Sources */,
				34F72EFE1C8BF4380033ED03 /* FourthViewManger2.m in Sources */,
				348B3B531C8A8E2000F8569B /* NSDate+SUIAdditions.m in Sources */,
				348B3B4E1C8A8E2000F8569B /* UIView+ViewDelegateAdditions.m in Sources */,
				34F72F011C8BF4380033ED03 /* BQTestModel.m in Sources */,
				348B3B451C8A8E2000F8569B /* SMKBaseCollectionViewManger.m in Sources */,
				34F72EFD1C8BF4380033ED03 /* FourthViewManger.m in Sources */,
				348B3B641C8A8E2000F8569B /* UIButton+SUIAdditions.m in Sources */,
				348B3B501C8A8E2000F8569B /* NSArray+SUIAdditions.m in Sources */,
				34F72EEF1C8BF4380033ED03 /* main.m in Sources */,
				348B3B751C8A8E2000F8569B /* UITableView+FDKeyedHeightCache.m in Sources */,
				34F72F0C1C8BF4380033ED03 /* Foundation+Log.m in Sources */,
				348B3B4B1C8A8E2000F8569B /* UITableView+TableDataDelegateAdditions.m in Sources */,
				348B3B741C8A8E2000F8569B /* UITableView+FDIndexPathHeightCache.m in Sources */,
				34F72EFF1C8BF4380033ED03 /* FourthViewModel.m in Sources */,
				34F72F051C8BF4380033ED03 /* BQViewModel2.m in Sources */,
				348B3B561C8A8E2000F8569B /* NSIndexPath+SUIAdditions.m in Sources */,
				348B3B541C8A8E2000F8569B /* NSDictionary+SUIAdditions.m in Sources */,
				348B3B761C8A8E2000F8569B /* UITableView+FDTemplateLayoutCell.m in Sources */,
				348B3B571C8A8E2000F8569B /* NSNumber+SUIAdditions.m in Sources */,
				34F72F071C8BF4380033ED03 /* ThirdModel.m in Sources */,
				348B3B5D1C8A8E2000F8569B /* UITableView+SUIHelper.m in Sources */,
				348B3B711C8A8E2000F8569B /* UIView+SVVAdditions.m in Sources */,
				348B3B461C8A8E2000F8569B /* SMKBaseTableViewManger.m in Sources */,
				34F72EF11C8BF4380033ED03 /* TestViewDelegate.m in Sources */,
				34F72F041C8BF4380033ED03 /* BQGetDataList2.m in Sources */,
				34F72F081C8BF4380033ED03 /* ThirdView.m in Sources */,
				34F72F021C8BF4380033ED03 /* BQCollectionCell.m in Sources */,
				348B3B771C8A8E2000F8569B /* UITableView+FDTemplateLayoutCellDebug.m in Sources */,
				34F72F0B1C8BF4380033ED03 /* ThirdViewModel.m in Sources */,
				34F72F0A1C8BF4380033ED03 /* ThirdViewManger.m in Sources */,
				348B3B651C8A8E2000F8569B /* UIButton+SVVAdditions.m in Sources */,
				348B3B701C8A8E2000F8569B /* UIView+SUIAdditions.m in Sources */,
				34F72EF31C8BF4380033ED03 /* BQCell.m in Sources */,
				348B3B721C8A8E2000F8569B /* UIViewController+SUIAdditions.m in Sources */,
				348B3B551C8A8E2000F8569B /* NSDictionary+SUISafeAccess.m in Sources */,
				34F72EF71C8BF4380033ED03 /* FourthVC.m in Sources */,
				34F72EF91C8BF4380033ED03 /* FourthView.m in Sources */,
				34F72EF61C8BF4380033ED03 /* BQViewModel.m in Sources */,
				348B3B581C8A8E2000F8569B /* NSObject+SUIAdditions.m in Sources */,
				348B3B491C8A8E2000F8569B /* UICollectionView+CollectionDataDelegateAdditions.m in Sources */,
				348B3B601C8A8E2000F8569B /* SUITool+Delay.m in Sources */,
				348B3B631C8A8E2000F8569B /* SUITool.m in Sources */,
				348B3B611C8A8E2000F8569B /* SUITool+FileManager.m in Sources */,
				348B3B6E1C8A8E2000F8569B /* UITextField+SUIAdditions.m in Sources */,
				34F72EFB1C8BF4380033ED03 /* FourthView2.m in Sources */,
				348B3B591C8A8E2000F8569B /* NSString+SUIAdditions.m in Sources */,
				34F72F061C8BF4380033ED03 /* ThirdVC.m in Sources */,
				34F72F001C8BF4380033ED03 /* SecondVC.m in Sources */,
				348B3B4C1C8A8E2000F8569B /* UITableViewCell+Extension.m in Sources */,
				348B3B6B1C8A8E2000F8569B /* UIScrollView+SUIAdditions.m in Sources */,
				348B3B6D1C8A8E2000F8569B /* UITableViewCell+SUIAdditions.m in Sources */,
				348B3B481C8A8E2000F8569B /* SMKBaseViewModel.m in Sources */,
				348B3B5F1C8A8E2000F8569B /* SUITool+Camera.m in Sources */,
				34F72EEE1C8BF4380033ED03 /* AppDelegate.m in Sources */,
				34F72EF01C8BF4380033ED03 /* FirstVC.m in Sources */,
				34F72EF51C8BF4380033ED03 /* BQGetDataList.m in Sources */,
				348B3B621C8A8E2000F8569B /* SUITool+OpenURL.m in Sources */,
				348B3B5C1C8A8E2000F8569B /* SUITableHelper.m in Sources */,
				348B3B6A1C8A8E2000F8569B /* UINavigationController+SUIAdditions.m in Sources */,
				348B3B5B1C8A8E2000F8569B /* NSString+SUIRegex.m in Sources */,
				348B3B6C1C8A8E2000F8569B /* UIStoryboardSegue+SUIAdditions.m in Sources */,
				348B3B691C8A8E2000F8569B /* UILabel+SVVAdditions.m in Sources */,
				348B3B521C8A8E2000F8569B /* NSData+SUIAdditions.m in Sources */,
				348B3B6F1C8A8E2000F8569B /* UITextView+SUIAdditions.m in Sources */,
				348B3B511C8A8E2000F8569B /* NSArray+SUISafeAccess.m in Sources */,
			);
			runOnlyForDeploymentPostprocessing = 0;
		};
/* End PBXSourcesBuildPhase section */

/* Begin PBXVariantGroup section */
		6DB1184D1C7800BD00678885 /* Main.storyboard */ = {
			isa = PBXVariantGroup;
			children = (
				6DB1184E1C7800BD00678885 /* Base */,
			);
			name = Main.storyboard;
			sourceTree = "<group>";
		};
		6DB118521C7800BD00678885 /* LaunchScreen.storyboard */ = {
			isa = PBXVariantGroup;
			children = (
				6DB118531C7800BD00678885 /* Base */,
			);
			name = LaunchScreen.storyboard;
			sourceTree = "<group>";
		};
/* End PBXVariantGroup section */

/* Begin XCBuildConfiguration section */
		6DB118561C7800BD00678885 /* Debug */ = {
			isa = XCBuildConfiguration;
			buildSettings = {
				ALWAYS_SEARCH_USER_PATHS = NO;
				CLANG_CXX_LANGUAGE_STANDARD = "gnu++0x";
				CLANG_CXX_LIBRARY = "libc++";
				CLANG_ENABLE_MODULES = YES;
				CLANG_ENABLE_OBJC_ARC = YES;
				CLANG_WARN_BOOL_CONVERSION = YES;
				CLANG_WARN_CONSTANT_CONVERSION = YES;
				CLANG_WARN_DIRECT_OBJC_ISA_USAGE = YES_ERROR;
				CLANG_WARN_EMPTY_BODY = YES;
				CLANG_WARN_ENUM_CONVERSION = YES;
				CLANG_WARN_INT_CONVERSION = YES;
				CLANG_WARN_OBJC_ROOT_CLASS = YES_ERROR;
				CLANG_WARN_UNREACHABLE_CODE = YES;
				CLANG_WARN__DUPLICATE_METHOD_MATCH = YES;
				"CODE_SIGN_IDENTITY[sdk=iphoneos*]" = "iPhone Developer";
				COPY_PHASE_STRIP = NO;
				DEBUG_INFORMATION_FORMAT = dwarf;
				ENABLE_STRICT_OBJC_MSGSEND = YES;
				ENABLE_TESTABILITY = YES;
				GCC_C_LANGUAGE_STANDARD = gnu99;
				GCC_DYNAMIC_NO_PIC = NO;
				GCC_NO_COMMON_BLOCKS = YES;
				GCC_OPTIMIZATION_LEVEL = 0;
				GCC_PREPROCESSOR_DEFINITIONS = (
					"DEBUG=1",
					"$(inherited)",
				);
				GCC_WARN_64_TO_32_BIT_CONVERSION = YES;
				GCC_WARN_ABOUT_RETURN_TYPE = YES_ERROR;
				GCC_WARN_UNDECLARED_SELECTOR = YES;
				GCC_WARN_UNINITIALIZED_AUTOS = YES_AGGRESSIVE;
				GCC_WARN_UNUSED_FUNCTION = YES;
				GCC_WARN_UNUSED_VARIABLE = YES;
				IPHONEOS_DEPLOYMENT_TARGET = 7.0;
				MTL_ENABLE_DEBUG_INFO = YES;
				ONLY_ACTIVE_ARCH = YES;
				SDKROOT = iphoneos;
			};
			name = Debug;
		};
		6DB118571C7800BD00678885 /* Release */ = {
			isa = XCBuildConfiguration;
			buildSettings = {
				ALWAYS_SEARCH_USER_PATHS = NO;
				CLANG_CXX_LANGUAGE_STANDARD = "gnu++0x";
				CLANG_CXX_LIBRARY = "libc++";
				CLANG_ENABLE_MODULES = YES;
				CLANG_ENABLE_OBJC_ARC = YES;
				CLANG_WARN_BOOL_CONVERSION = YES;
				CLANG_WARN_CONSTANT_CONVERSION = YES;
				CLANG_WARN_DIRECT_OBJC_ISA_USAGE = YES_ERROR;
				CLANG_WARN_EMPTY_BODY = YES;
				CLANG_WARN_ENUM_CONVERSION = YES;
				CLANG_WARN_INT_CONVERSION = YES;
				CLANG_WARN_OBJC_ROOT_CLASS = YES_ERROR;
				CLANG_WARN_UNREACHABLE_CODE = YES;
				CLANG_WARN__DUPLICATE_METHOD_MATCH = YES;
				"CODE_SIGN_IDENTITY[sdk=iphoneos*]" = "iPhone Developer";
				COPY_PHASE_STRIP = NO;
				DEBUG_INFORMATION_FORMAT = "dwarf-with-dsym";
				ENABLE_NS_ASSERTIONS = NO;
				ENABLE_STRICT_OBJC_MSGSEND = YES;
				GCC_C_LANGUAGE_STANDARD = gnu99;
				GCC_NO_COMMON_BLOCKS = YES;
				GCC_WARN_64_TO_32_BIT_CONVERSION = YES;
				GCC_WARN_ABOUT_RETURN_TYPE = YES_ERROR;
				GCC_WARN_UNDECLARED_SELECTOR = YES;
				GCC_WARN_UNINITIALIZED_AUTOS = YES_AGGRESSIVE;
				GCC_WARN_UNUSED_FUNCTION = YES;
				GCC_WARN_UNUSED_VARIABLE = YES;
				IPHONEOS_DEPLOYMENT_TARGET = 7.0;
				MTL_ENABLE_DEBUG_INFO = NO;
				SDKROOT = iphoneos;
				VALIDATE_PRODUCT = YES;
			};
			name = Release;
		};
		6DB118591C7800BD00678885 /* Debug */ = {
			isa = XCBuildConfiguration;
			baseConfigurationReference = 91766331ED5D251CC999F343 /* Pods.debug.xcconfig */;
			buildSettings = {
				ASSETCATALOG_COMPILER_APPICON_NAME = AppIcon;
				GCC_PREFIX_HEADER = "$(PROJECT_DIR)/$(PROJECT_NAME)/PrefixHeader.pch";
				INFOPLIST_FILE = SUIMVVMDemo/Info.plist;
				IPHONEOS_DEPLOYMENT_TARGET = 7.0;
				LD_RUNPATH_SEARCH_PATHS = "$(inherited) @executable_path/Frameworks";
				PRODUCT_BUNDLE_IDENTIFIER = lovemo.SUIMVVMDemo;
				PRODUCT_NAME = "$(TARGET_NAME)";
			};
			name = Debug;
		};
		6DB1185A1C7800BD00678885 /* Release */ = {
			isa = XCBuildConfiguration;
			baseConfigurationReference = 676848CDB706ABC1C5B4FF66 /* Pods.release.xcconfig */;
			buildSettings = {
				ASSETCATALOG_COMPILER_APPICON_NAME = AppIcon;
				GCC_PREFIX_HEADER = "$(PROJECT_DIR)/$(PROJECT_NAME)/PrefixHeader.pch";
				INFOPLIST_FILE = SUIMVVMDemo/Info.plist;
				IPHONEOS_DEPLOYMENT_TARGET = 7.0;
				LD_RUNPATH_SEARCH_PATHS = "$(inherited) @executable_path/Frameworks";
				PRODUCT_BUNDLE_IDENTIFIER = lovemo.SUIMVVMDemo;
				PRODUCT_NAME = "$(TARGET_NAME)";
			};
			name = Release;
		};
/* End XCBuildConfiguration section */

/* Begin XCConfigurationList section */
		6DB1183C1C7800BD00678885 /* Build configuration list for PBXProject "SUIMVVMDemo" */ = {
			isa = XCConfigurationList;
			buildConfigurations = (
				6DB118561C7800BD00678885 /* Debug */,
				6DB118571C7800BD00678885 /* Release */,
			);
			defaultConfigurationIsVisible = 0;
			defaultConfigurationName = Release;
		};
		6DB118581C7800BD00678885 /* Build configuration list for PBXNativeTarget "SUIMVVMDemo" */ = {
			isa = XCConfigurationList;
			buildConfigurations = (
				6DB118591C7800BD00678885 /* Debug */,
				6DB1185A1C7800BD00678885 /* Release */,
			);
			defaultConfigurationIsVisible = 0;
			defaultConfigurationName = Release;
		};
/* End XCConfigurationList section */
	};
	rootObject = 6DB118391C7800BD00678885 /* Project object */;
}
