PODS:
  - AFNetworking (3.0.4):
    - AFNetworking/NSURLSession (= 3.0.4)
    - AFNetworking/Reachability (= 3.0.4)
    - AFNetworking/Security (= 3.0.4)
    - AFNetworking/Serialization (= 3.0.4)
    - AFNetworking/UIKit (= 3.0.4)
  - AFNetworking/NSURLSession (3.0.4):
    - AFNetworking/Reachability
    - AFNetworking/Security
    - AFNetworking/Serialization
  - AFNetworking/Reachability (3.0.4)
  - AFNetworking/Security (3.0.4)
  - AFNetworking/Serialization (3.0.4)
  - AFNetworking/UIKit (3.0.4):
    - AFNetworking/NSURLSession
  - FMDB (2.6):
    - FMDB/standard (= 2.6)
  - FMDB/standard (2.6)
  - Masonry (0.6.4)
  - MJExtension (3.0.10)
  - MJRefresh (3.1.0)
  - SUIMVVMNetwork (0.0.3):
    - SUIMVVMNetwork/SUIMVVMNetwork (= 0.0.3)
  - SUIMVVMNetwork/SUIMVVMNetwork (0.0.3):
    - AFNetworking (>= 3.0)
    - SUIMVVMStore
  - SUIMVVMStore (0.0.8):
    - SUIMVVMStore/SUIMVVMStore (= 0.0.8)
    - SUIMVVMStore/YTKKeyValueStore (= 0.0.8)
  - SUIMVVMStore/SUIMVVMStore (0.0.8):
    - SUIMVVMStore/YTKKeyValueStore
  - SUIMVVMStore/YTKKeyValueStore (0.0.8):
    - FMDB
  - SUIUtils (0.0.1):
    - SUIUtils/Foundation (= 0.0.1)
    - SUIUtils/Helper (= 0.0.1)
    - SUIUtils/Tool (= 0.0.1)
    - SUIUtils/UIKit (= 0.0.1)
  - SUIUtils/Foundation (0.0.1):
    - SUIUtils/Tool
  - SUIUtils/Helper (0.0.1):
    - SUIUtils/UIKit
    - UITableView+FDTemplateLayoutCell (~> 1.4)
  - SUIUtils/Tool (0.0.1)
  - SUIUtils/UIKit (0.0.1):
    - SUIUtils/Foundation
  - UITableView+FDTemplateLayoutCell (1.4)

DEPENDENCIES:
  - AFNetworking (>= 3.0)
  - Masonry
  - MJExtension
  - MJRefresh
  - SUIMVVMNetwork
  - SUIUtils

SPEC CHECKSUMS:
  AFNetworking: a0075feb321559dc78d9d85b55d11caa19eabb93
  FMDB: c1968bab3ab0aed38f66cb778ae1e7fa9a652b6e
  Masonry: 281802d04d787ea2973179ee8bcb50500579ede2
  MJExtension: d86aacb740c87519d20e3cca55b6fa4be6cc7548
  MJRefresh: 743e6404967d1c2c688472ea3ecfde247d872db4
  SUIMVVMNetwork: 68310f14b8b6361620fb3f30052d8ea283d99fd9
  SUIMVVMStore: a393af1cc70ecec19e571791e7f143e023f21fac
  SUIUtils: c1b214bac5b9cb2726e43299ab36a6dc28c7a2d8
  UITableView+FDTemplateLayoutCell: 234e1582bcc4e18461af91155123bb96538ed030

COCOAPODS: 0.39.0
